
Terraform used the selected providers to generate the following execution
plan. Resource actions are indicated with the following symbols:
  [32m+[0m create[0m

Terraform will perform the following actions:

[1m  # azapi_resource.ssh_public_key[0m will be created
[0m  [32m+[0m[0m resource "azapi_resource" "ssh_public_key" {
      [32m+[0m[0m body                      = jsonencode({})
      [32m+[0m[0m id                        = (known after apply)
      [32m+[0m[0m ignore_casing             = false
      [32m+[0m[0m ignore_missing_property   = true
      [32m+[0m[0m location                  = "eastus"
      [32m+[0m[0m name                      = (known after apply)
      [32m+[0m[0m output                    = (known after apply)
      [32m+[0m[0m parent_id                 = (known after apply)
      [32m+[0m[0m removing_special_chars    = false
      [32m+[0m[0m schema_validation_enabled = true
      [32m+[0m[0m tags                      = (known after apply)
      [32m+[0m[0m type                      = "Microsoft.Compute/sshPublicKeys@2022-11-01"
    }

[1m  # azapi_resource_action.ssh_public_key_gen[0m will be created
[0m  [32m+[0m[0m resource "azapi_resource_action" "ssh_public_key_gen" {
      [32m+[0m[0m action                 = "generateKeyPair"
      [32m+[0m[0m id                     = (known after apply)
      [32m+[0m[0m method                 = "POST"
      [32m+[0m[0m output                 = (known after apply)
      [32m+[0m[0m resource_id            = (known after apply)
      [32m+[0m[0m response_export_values = [
          [32m+[0m[0m "publicKey",
          [32m+[0m[0m "privateKey",
        ]
      [32m+[0m[0m type                   = "Microsoft.Compute/sshPublicKeys@2022-11-01"
    }

[1m  # azurerm_linux_virtual_machine.my_terraform_vm[0m will be created
[0m  [32m+[0m[0m resource "azurerm_linux_virtual_machine" "my_terraform_vm" {
      [32m+[0m[0m admin_username                  = "azureadmin"
      [32m+[0m[0m allow_extension_operations      = true
      [32m+[0m[0m computer_name                   = "hostname"
      [32m+[0m[0m disable_password_authentication = true
      [32m+[0m[0m extensions_time_budget          = "PT1H30M"
      [32m+[0m[0m id                              = (known after apply)
      [32m+[0m[0m location                        = "eastus"
      [32m+[0m[0m max_bid_price                   = -1
      [32m+[0m[0m name                            = "myVM"
      [32m+[0m[0m network_interface_ids           = (known after apply)
      [32m+[0m[0m patch_mode                      = "ImageDefault"
      [32m+[0m[0m platform_fault_domain           = -1
      [32m+[0m[0m priority                        = "Regular"
      [32m+[0m[0m private_ip_address              = (known after apply)
      [32m+[0m[0m private_ip_addresses            = (known after apply)
      [32m+[0m[0m provision_vm_agent              = true
      [32m+[0m[0m public_ip_address               = (known after apply)
      [32m+[0m[0m public_ip_addresses             = (known after apply)
      [32m+[0m[0m resource_group_name             = (known after apply)
      [32m+[0m[0m size                            = "Standard_DS1_v2"
      [32m+[0m[0m virtual_machine_id              = (known after apply)
      [32m+[0m[0m zone                            = (known after apply)

      [32m+[0m[0m admin_ssh_key {
          [32m+[0m[0m public_key = (known after apply)
          [32m+[0m[0m username   = "azureadmin"
        }

      [32m+[0m[0m os_disk {
          [32m+[0m[0m caching                   = "ReadWrite"
          [32m+[0m[0m disk_size_gb              = (known after apply)
          [32m+[0m[0m name                      = "myOsDisk"
          [32m+[0m[0m storage_account_type      = "Standard_LRS"
          [32m+[0m[0m write_accelerator_enabled = false
        }

      [32m+[0m[0m source_image_reference {
          [32m+[0m[0m offer     = "RHEL"
          [32m+[0m[0m publisher = "RedHat"
          [32m+[0m[0m sku       = "92-gen2"
          [32m+[0m[0m version   = "latest"
        }
    }

[1m  # azurerm_network_interface.my_terraform_nic[0m will be created
[0m  [32m+[0m[0m resource "azurerm_network_interface" "my_terraform_nic" {
      [32m+[0m[0m applied_dns_servers           = (known after apply)
      [32m+[0m[0m dns_servers                   = (known after apply)
      [32m+[0m[0m enable_accelerated_networking = false
      [32m+[0m[0m enable_ip_forwarding          = false
      [32m+[0m[0m id                            = (known after apply)
      [32m+[0m[0m internal_dns_name_label       = (known after apply)
      [32m+[0m[0m internal_domain_name_suffix   = (known after apply)
      [32m+[0m[0m location                      = "eastus"
      [32m+[0m[0m mac_address                   = (known after apply)
      [32m+[0m[0m name                          = "myNIC"
      [32m+[0m[0m private_ip_address            = (known after apply)
      [32m+[0m[0m private_ip_addresses          = (known after apply)
      [32m+[0m[0m resource_group_name           = (known after apply)
      [32m+[0m[0m virtual_machine_id            = (known after apply)

      [32m+[0m[0m ip_configuration {
          [32m+[0m[0m gateway_load_balancer_frontend_ip_configuration_id = (known after apply)
          [32m+[0m[0m name                                               = "my_nic_configuration"
          [32m+[0m[0m primary                                            = (known after apply)
          [32m+[0m[0m private_ip_address                                 = (known after apply)
          [32m+[0m[0m private_ip_address_allocation                      = "Dynamic"
          [32m+[0m[0m private_ip_address_version                         = "IPv4"
          [32m+[0m[0m public_ip_address_id                               = (known after apply)
          [32m+[0m[0m subnet_id                                          = (known after apply)
        }
    }

[1m  # azurerm_network_interface_security_group_association.example[0m will be created
[0m  [32m+[0m[0m resource "azurerm_network_interface_security_group_association" "example" {
      [32m+[0m[0m id                        = (known after apply)
      [32m+[0m[0m network_interface_id      = (known after apply)
      [32m+[0m[0m network_security_group_id = (known after apply)
    }

[1m  # azurerm_network_security_group.my_terraform_nsg[0m will be created
[0m  [32m+[0m[0m resource "azurerm_network_security_group" "my_terraform_nsg" {
      [32m+[0m[0m id                  = (known after apply)
      [32m+[0m[0m location            = "eastus"
      [32m+[0m[0m name                = "myNetworkSecurityGroup"
      [32m+[0m[0m resource_group_name = (known after apply)
      [32m+[0m[0m security_rule       = [
          [32m+[0m[0m {
              [32m+[0m[0m access                                     = "Allow"
              [32m+[0m[0m description                                = ""
              [32m+[0m[0m destination_address_prefix                 = "*"
              [32m+[0m[0m destination_address_prefixes               = []
              [32m+[0m[0m destination_application_security_group_ids = []
              [32m+[0m[0m destination_port_range                     = "22"
              [32m+[0m[0m destination_port_ranges                    = []
              [32m+[0m[0m direction                                  = "Inbound"
              [32m+[0m[0m name                                       = "ssh-rule-port-22"
              [32m+[0m[0m priority                                   = 140
              [32m+[0m[0m protocol                                   = "Tcp"
              [32m+[0m[0m source_address_prefix                      = "*"
              [32m+[0m[0m source_address_prefixes                    = []
              [32m+[0m[0m source_application_security_group_ids      = []
              [32m+[0m[0m source_port_range                          = "*"
              [32m+[0m[0m source_port_ranges                         = []
            },
          [32m+[0m[0m {
              [32m+[0m[0m access                                     = "Allow"
              [32m+[0m[0m description                                = ""
              [32m+[0m[0m destination_address_prefix                 = "*"
              [32m+[0m[0m destination_address_prefixes               = []
              [32m+[0m[0m destination_application_security_group_ids = []
              [32m+[0m[0m destination_port_range                     = "443"
              [32m+[0m[0m destination_port_ranges                    = []
              [32m+[0m[0m direction                                  = "Inbound"
              [32m+[0m[0m name                                       = "ssh-rule-port-443"
              [32m+[0m[0m priority                                   = 120
              [32m+[0m[0m protocol                                   = "Tcp"
              [32m+[0m[0m source_address_prefix                      = "*"
              [32m+[0m[0m source_address_prefixes                    = []
              [32m+[0m[0m source_application_security_group_ids      = []
              [32m+[0m[0m source_port_range                          = "*"
              [32m+[0m[0m source_port_ranges                         = []
            },
          [32m+[0m[0m {
              [32m+[0m[0m access                                     = "Allow"
              [32m+[0m[0m description                                = ""
              [32m+[0m[0m destination_address_prefix                 = "*"
              [32m+[0m[0m destination_address_prefixes               = []
              [32m+[0m[0m destination_application_security_group_ids = []
              [32m+[0m[0m destination_port_range                     = "80"
              [32m+[0m[0m destination_port_ranges                    = []
              [32m+[0m[0m direction                                  = "Inbound"
              [32m+[0m[0m name                                       = "ssh-rule-port-80"
              [32m+[0m[0m priority                                   = 100
              [32m+[0m[0m protocol                                   = "Tcp"
              [32m+[0m[0m source_address_prefix                      = "*"
              [32m+[0m[0m source_address_prefixes                    = []
              [32m+[0m[0m source_application_security_group_ids      = []
              [32m+[0m[0m source_port_range                          = "*"
              [32m+[0m[0m source_port_ranges                         = []
            },
        ]
    }

[1m  # azurerm_public_ip.my_terraform_public_ip[0m will be created
[0m  [32m+[0m[0m resource "azurerm_public_ip" "my_terraform_public_ip" {
      [32m+[0m[0m allocation_method       = "Dynamic"
      [32m+[0m[0m availability_zone       = (known after apply)
      [32m+[0m[0m fqdn                    = (known after apply)
      [32m+[0m[0m id                      = (known after apply)
      [32m+[0m[0m idle_timeout_in_minutes = 4
      [32m+[0m[0m ip_address              = (known after apply)
      [32m+[0m[0m ip_version              = "IPv4"
      [32m+[0m[0m location                = "eastus"
      [32m+[0m[0m name                    = "myPublicIP"
      [32m+[0m[0m resource_group_name     = (known after apply)
      [32m+[0m[0m sku                     = "Basic"
      [32m+[0m[0m sku_tier                = "Regional"
      [32m+[0m[0m zones                   = (known after apply)
    }

[1m  # azurerm_resource_group.rg[0m will be created
[0m  [32m+[0m[0m resource "azurerm_resource_group" "rg" {
      [32m+[0m[0m id       = (known after apply)
      [32m+[0m[0m location = "eastus"
      [32m+[0m[0m name     = (known after apply)
    }

[1m  # azurerm_subnet.my_terraform_subnet[0m will be created
[0m  [32m+[0m[0m resource "azurerm_subnet" "my_terraform_subnet" {
      [32m+[0m[0m address_prefix                                 = (known after apply)
      [32m+[0m[0m address_prefixes                               = [
          [32m+[0m[0m "10.0.1.0/24",
        ]
      [32m+[0m[0m enforce_private_link_endpoint_network_policies = false
      [32m+[0m[0m enforce_private_link_service_network_policies  = false
      [32m+[0m[0m id                                             = (known after apply)
      [32m+[0m[0m name                                           = "mySubnet"
      [32m+[0m[0m resource_group_name                            = (known after apply)
      [32m+[0m[0m virtual_network_name                           = "myVnet"
    }

[1m  # azurerm_virtual_network.my_terraform_network[0m will be created
[0m  [32m+[0m[0m resource "azurerm_virtual_network" "my_terraform_network" {
      [32m+[0m[0m address_space         = [
          [32m+[0m[0m "10.0.0.0/16",
        ]
      [32m+[0m[0m dns_servers           = (known after apply)
      [32m+[0m[0m guid                  = (known after apply)
      [32m+[0m[0m id                    = (known after apply)
      [32m+[0m[0m location              = "eastus"
      [32m+[0m[0m name                  = "myVnet"
      [32m+[0m[0m resource_group_name   = (known after apply)
      [32m+[0m[0m subnet                = (known after apply)
      [32m+[0m[0m vm_protection_enabled = false
    }

[1m  # local_file.file[0m will be created
[0m  [32m+[0m[0m resource "local_file" "file" {
      [32m+[0m[0m content              = (known after apply)
      [32m+[0m[0m content_base64sha256 = (known after apply)
      [32m+[0m[0m content_base64sha512 = (known after apply)
      [32m+[0m[0m content_md5          = (known after apply)
      [32m+[0m[0m content_sha1         = (known after apply)
      [32m+[0m[0m content_sha256       = (known after apply)
      [32m+[0m[0m content_sha512       = (known after apply)
      [32m+[0m[0m directory_permission = "0777"
      [32m+[0m[0m file_permission      = "0777"
      [32m+[0m[0m filename             = "my_private_key.pem"
      [32m+[0m[0m id                   = (known after apply)
    }

[1m  # null_resource.nl[0m will be created
[0m  [32m+[0m[0m resource "null_resource" "nl" {
      [32m+[0m[0m id = (known after apply)
    }

[1m  # random_id.random_id[0m will be created
[0m  [32m+[0m[0m resource "random_id" "random_id" {
      [32m+[0m[0m b64_std     = (known after apply)
      [32m+[0m[0m b64_url     = (known after apply)
      [32m+[0m[0m byte_length = 8
      [32m+[0m[0m dec         = (known after apply)
      [32m+[0m[0m hex         = (known after apply)
      [32m+[0m[0m id          = (known after apply)
      [32m+[0m[0m keepers     = {
          [32m+[0m[0m "resource_group" = (known after apply)
        }
    }

[1m  # random_pet.rg_name[0m will be created
[0m  [32m+[0m[0m resource "random_pet" "rg_name" {
      [32m+[0m[0m id        = (known after apply)
      [32m+[0m[0m length    = 2
      [32m+[0m[0m prefix    = "rg"
      [32m+[0m[0m separator = "-"
    }

[1m  # random_pet.ssh_key_name[0m will be created
[0m  [32m+[0m[0m resource "random_pet" "ssh_key_name" {
      [32m+[0m[0m id     = (known after apply)
      [32m+[0m[0m length = 2
      [32m+[0m[0m prefix = "ssh"
    }

[1mPlan:[0m 15 to add, 0 to change, 0 to destroy.
[0m
Changes to Outputs:
  [32m+[0m[0m key_data            = (known after apply)
  [32m+[0m[0m public_ip_address   = (known after apply)
  [32m+[0m[0m resource_group_name = (known after apply)
[0m[1mrandom_pet.ssh_key_name: Creating...[0m[0m
[0m[1mrandom_pet.rg_name: Creating...[0m[0m
[0m[1mrandom_pet.rg_name: Creation complete after 0s [id=rg-touching-weevil][0m
[0m[1mrandom_pet.ssh_key_name: Creation complete after 0s [id=sshfairkangaroo][0m
[0m[1mazurerm_resource_group.rg: Creating...[0m[0m
[0m[1mazurerm_resource_group.rg: Creation complete after 1s [id=/subscriptions/e962659f-f747-49fa-95c9-76b912eda39e/resourceGroups/rg-touching-weevil][0m
[0m[1mazurerm_virtual_network.my_terraform_network: Creating...[0m[0m
[0m[1mazurerm_public_ip.my_terraform_public_ip: Creating...[0m[0m
[0m[1mazurerm_network_security_group.my_terraform_nsg: Creating...[0m[0m
[0m[1mrandom_id.random_id: Creating...[0m[0m
[0m[1mrandom_id.random_id: Creation complete after 0s [id=3IDalxekLH4][0m
[0m[1mazapi_resource.ssh_public_key: Creating...[0m[0m
[0m[1mazapi_resource.ssh_public_key: Creation complete after 4s [id=/subscriptions/e962659f-f747-49fa-95c9-76b912eda39e/resourceGroups/rg-touching-weevil/providers/Microsoft.Compute/sshPublicKeys/sshfairkangaroo][0m
[0m[1mazapi_resource_action.ssh_public_key_gen: Creating...[0m[0m
[0m[1mazurerm_public_ip.my_terraform_public_ip: Creation complete after 5s [id=/subscriptions/e962659f-f747-49fa-95c9-76b912eda39e/resourceGroups/rg-touching-weevil/providers/Microsoft.Network/publicIPAddresses/myPublicIP][0m
[0m[1mazapi_resource_action.ssh_public_key_gen: Creation complete after 1s [id=/subscriptions/e962659f-f747-49fa-95c9-76b912eda39e/resourceGroups/rg-touching-weevil/providers/Microsoft.Compute/sshPublicKeys/sshfairkangaroo/generateKeyPair][0m
[0m[1mlocal_file.file: Creating...[0m[0m
[0m[1mlocal_file.file: Creation complete after 0s [id=8b655eb26cb6019a575c00a11928f5796ba2ded0][0m
[0m[1mazurerm_network_security_group.my_terraform_nsg: Creation complete after 5s [id=/subscriptions/e962659f-f747-49fa-95c9-76b912eda39e/resourceGroups/rg-touching-weevil/providers/Microsoft.Network/networkSecurityGroups/myNetworkSecurityGroup][0m
[0m[1mazurerm_virtual_network.my_terraform_network: Creation complete after 7s [id=/subscriptions/e962659f-f747-49fa-95c9-76b912eda39e/resourceGroups/rg-touching-weevil/providers/Microsoft.Network/virtualNetworks/myVnet][0m
[0m[1mazurerm_subnet.my_terraform_subnet: Creating...[0m[0m
[0m[1mazurerm_subnet.my_terraform_subnet: Creation complete after 5s [id=/subscriptions/e962659f-f747-49fa-95c9-76b912eda39e/resourceGroups/rg-touching-weevil/providers/Microsoft.Network/virtualNetworks/myVnet/subnets/mySubnet][0m
[0m[1mazurerm_network_interface.my_terraform_nic: Creating...[0m[0m
[0m[1mazurerm_network_interface.my_terraform_nic: Creation complete after 1s [id=/subscriptions/e962659f-f747-49fa-95c9-76b912eda39e/resourceGroups/rg-touching-weevil/providers/Microsoft.Network/networkInterfaces/myNIC][0m
[0m[1mazurerm_network_interface_security_group_association.example: Creating...[0m[0m
[0m[1mazurerm_linux_virtual_machine.my_terraform_vm: Creating...[0m[0m
[0m[1mazurerm_network_interface_security_group_association.example: Creation complete after 2s [id=/subscriptions/e962659f-f747-49fa-95c9-76b912eda39e/resourceGroups/rg-touching-weevil/providers/Microsoft.Network/networkInterfaces/myNIC|/subscriptions/e962659f-f747-49fa-95c9-76b912eda39e/resourceGroups/rg-touching-weevil/providers/Microsoft.Network/networkSecurityGroups/myNetworkSecurityGroup][0m
[0m[1mazurerm_linux_virtual_machine.my_terraform_vm: Still creating... [10s elapsed][0m[0m
[0m[1mazurerm_linux_virtual_machine.my_terraform_vm: Still creating... [20s elapsed][0m[0m
[0m[1mazurerm_linux_virtual_machine.my_terraform_vm: Still creating... [30s elapsed][0m[0m
[0m[1mazurerm_linux_virtual_machine.my_terraform_vm: Still creating... [40s elapsed][0m[0m
[0m[1mazurerm_linux_virtual_machine.my_terraform_vm: Creation complete after 49s [id=/subscriptions/e962659f-f747-49fa-95c9-76b912eda39e/resourceGroups/rg-touching-weevil/providers/Microsoft.Compute/virtualMachines/myVM][0m
[0m[1mnull_resource.nl: Creating...[0m[0m
[0m[1mnull_resource.nl: Provisioning with 'remote-exec'...[0m[0m
[0m[1mnull_resource.nl (remote-exec):[0m [0mConnecting to remote host via SSH...
[0m[1mnull_resource.nl (remote-exec):[0m [0m  Host: 40.88.123.134
[0m[1mnull_resource.nl (remote-exec):[0m [0m  User: azureadmin
[0m[1mnull_resource.nl (remote-exec):[0m [0m  Password: false
[0m[1mnull_resource.nl (remote-exec):[0m [0m  Private key: true
[0m[1mnull_resource.nl (remote-exec):[0m [0m  Certificate: false
[0m[1mnull_resource.nl (remote-exec):[0m [0m  SSH Agent: false
[0m[1mnull_resource.nl (remote-exec):[0m [0m  Checking Host Key: false
[0m[1mnull_resource.nl (remote-exec):[0m [0m  Target Platform: unix
[0m[1mnull_resource.nl (remote-exec):[0m [0mConnected!
[0m[1mnull_resource.nl (remote-exec):[0m [0mRed Hat ---  B/s |   0  B     --:-- ETA
[0m[1mnull_resource.nl (remote-exec):[0m [0mRed Hat ---  B/s |   0  B     --:-- ETA
[0m[1mnull_resource.nl (remote-exec):[0m [0mRed Hat  37 MB/s |  11 MB     00:00 ETA
[0m[1mnull_resource.nl (remote-exec):[0m [0mRed Hat  22 MB/s |  24 MB     00:01
[0m[1mnull_resource.nl: Still creating... [10s elapsed][0m[0m
[0m[1mnull_resource.nl (remote-exec):[0m [0mRed Hat ---  B/s |   0  B     --:-- ETA
[0m[1mnull_resource.nl (remote-exec):[0m [0mRed Hat ---  B/s |   0  B     --:-- ETA
[0m[1mnull_resource.nl (remote-exec):[0m [0mRed Hat 9.4 MB/s | 6.0 MB     00:00
[0m[1mnull_resource.nl (remote-exec):[0m [0mRed Hat ---  B/s |   0  B     --:-- ETA
[0m[1mnull_resource.nl (remote-exec):[0m [0mRed Hat ---  B/s |   0  B     --:-- ETA
[0m[1mnull_resource.nl (remote-exec):[0m [0mRed Hat  33 MB/s | 9.8 MB     00:00 ETA
[0m[1mnull_resource.nl (remote-exec):[0m [0mRed Hat  16 MB/s |  13 MB     00:00
[0m[1mnull_resource.nl: Still creating... [20s elapsed][0m[0m
[0m[1mnull_resource.nl (remote-exec):[0m [0mMicroso ---  B/s |   0  B     --:-- ETA
[0m[1mnull_resource.nl (remote-exec):[0m [0mMicroso ---  B/s |   0  B     --:-- ETA
[0m[1mnull_resource.nl (remote-exec):[0m [0mMicroso 5.1 kB/s | 1.9 kB     00:00
[0m[1mnull_resource.nl (remote-exec):[0m [0mLast metadata expiration check: 0:00:01 ago on Sat 19 Aug 2023 10:16:36 PM UTC.
[0m[1mnull_resource.nl (remote-exec):[0m [0mDependencies resolved.
[0m[1mnull_resource.nl (remote-exec):[0m [0m========================================
[0m[1mnull_resource.nl (remote-exec):[0m [0m Package
[0m[1mnull_resource.nl (remote-exec):[0m [0m      Arch   Version           Repo
[0m[1mnull_resource.nl (remote-exec):[0m [0m                                   Size
[0m[1mnull_resource.nl (remote-exec):[0m [0m========================================
[0m[1mnull_resource.nl (remote-exec):[0m [0mInstalling:
[0m[1mnull_resource.nl (remote-exec):[0m [0m [1m[32mgit (B[m x86_64 2.39.3-1.el9_2    rhel-9-for-x86_64-appstream-eus-rhui-rpms
[0m[1mnull_resource.nl (remote-exec):[0m [0m                                   66 k
[0m[1mnull_resource.nl (remote-exec):[0m [0mInstalling dependencies:
[0m[1mnull_resource.nl (remote-exec):[0m [0m [1m[32mgit-core(B[m
[0m[1mnull_resource.nl (remote-exec):[0m [0m      x86_64 2.39.3-1.el9_2    rhel-9-for-x86_64-appstream-eus-rhui-rpms
[0m[1mnull_resource.nl (remote-exec):[0m [0m                                  4.3 M
[0m[1mnull_resource.nl (remote-exec):[0m [0m [1m[32mgit-core-doc(B[m
[0m[1mnull_resource.nl (remote-exec):[0m [0m      noarch 2.39.3-1.el9_2    rhel-9-for-x86_64-appstream-eus-rhui-rpms
[0m[1mnull_resource.nl (remote-exec):[0m [0m                                  2.9 M
[0m[1mnull_resource.nl (remote-exec):[0m [0m [1m[32mperl-AutoLoader(B[m
[0m[1mnull_resource.nl (remote-exec):[0m [0m      noarch 5.74-480.el9      rhel-9-for-x86_64-appstream-eus-rhui-rpms
[0m[1mnull_resource.nl (remote-exec):[0m [0m                                   23 k
[0m[1mnull_resource.nl (remote-exec):[0m [0m [1m[32mperl-B(B[m
[0m[1mnull_resource.nl (remote-exec):[0m [0m      x86_64 1.80-480.el9      rhel-9-for-x86_64-appstream-eus-rhui-rpms
[0m[1mnull_resource.nl (remote-exec):[0m [0m                                  185 k
[0m[1mnull_resource.nl (remote-exec):[0m [0m [1m[32mperl-Carp(B[m
[0m[1mnull_resource.nl (remote-exec):[0m [0m      noarch 1.50-460.el9      rhel-9-for-x86_64-appstream-eus-rhui-rpms
[0m[1mnull_resource.nl (remote-exec):[0m [0m                                   31 k
[0m[1mnull_resource.nl (remote-exec):[0m [0m [1m[32mperl-Class-Struct(B[m
[0m[1mnull_resource.nl (remote-exec):[0m [0m      noarch 0.66-480.el9      rhel-9-for-x86_64-appstream-eus-rhui-rpms
[0m[1mnull_resource.nl (remote-exec):[0m [0m                                   24 k
[0m[1mnull_resource.nl (remote-exec):[0m [0m [1m[32mperl-Data-Dumper(B[m
[0m[1mnull_resource.nl (remote-exec):[0m [0m      x86_64 2.174-462.el9     rhel-9-for-x86_64-appstream-eus-rhui-rpms
[0m[1mnull_resource.nl (remote-exec):[0m [0m                                   59 k
[0m[1mnull_resource.nl (remote-exec):[0m [0m [1m[32mperl-Digest(B[m
[0m[1mnull_resource.nl (remote-exec):[0m [0m      noarch 1.19-4.el9        rhel-9-for-x86_64-appstream-eus-rhui-rpms
[0m[1mnull_resource.nl (remote-exec):[0m [0m                                   29 k
[0m[1mnull_resource.nl (remote-exec):[0m [0m [1m[32mperl-Digest-MD5(B[m
[0m[1mnull_resource.nl (remote-exec):[0m [0m      x86_64 2.58-4.el9        rhel-9-for-x86_64-appstream-eus-rhui-rpms
[0m[1mnull_resource.nl (remote-exec):[0m [0m                                   39 k
[0m[1mnull_resource.nl (remote-exec):[0m [0m [1m[32mperl-DynaLoader(B[m
[0m[1mnull_resource.nl (remote-exec):[0m [0m      x86_64 1.47-480.el9      rhel-9-for-x86_64-appstream-eus-rhui-rpms
[0m[1mnull_resource.nl (remote-exec):[0m [0m                                   27 k
[0m[1mnull_resource.nl (remote-exec):[0m [0m [1m[32mperl-Encode(B[m
[0m[1mnull_resource.nl (remote-exec):[0m [0m      x86_64 4:3.08-462.el9    rhel-9-for-x86_64-appstream-eus-rhui-rpms
[0m[1mnull_resource.nl (remote-exec):[0m [0m                                  1.7 M
[0m[1mnull_resource.nl (remote-exec):[0m [0m [1m[32mperl-Errno(B[m
[0m[1mnull_resource.nl (remote-exec):[0m [0m      x86_64 1.30-480.el9      rhel-9-for-x86_64-appstream-eus-rhui-rpms
[0m[1mnull_resource.nl (remote-exec):[0m [0m                                   17 k
[0m[1mnull_resource.nl (remote-exec):[0m [0m [1m[32mperl-Error(B[m
[0m[1mnull_resource.nl (remote-exec):[0m [0m      noarch 1:0.17029-7.el9   rhel-9-for-x86_64-appstream-eus-rhui-rpms
[0m[1mnull_resource.nl (remote-exec):[0m [0m                                   46 k
[0m[1mnull_resource.nl (remote-exec):[0m [0m [1m[32mperl-Exporter(B[m
[0m[1mnull_resource.nl (remote-exec):[0m [0m      noarch 5.74-461.el9      rhel-9-for-x86_64-appstream-eus-rhui-rpms
[0m[1mnull_resource.nl (remote-exec):[0m [0m                                   34 k
[0m[1mnull_resource.nl (remote-exec):[0m [0m [1m[32mperl-Fcntl(B[m
[0m[1mnull_resource.nl (remote-exec):[0m [0m      x86_64 1.13-480.el9      rhel-9-for-x86_64-appstream-eus-rhui-rpms
[0m[1mnull_resource.nl (remote-exec):[0m [0m                                   23 k
[0m[1mnull_resource.nl (remote-exec):[0m [0m [1m[32mperl-File-Basename(B[m
[0m[1mnull_resource.nl (remote-exec):[0m [0m      noarch 2.85-480.el9      rhel-9-for-x86_64-appstream-eus-rhui-rpms
[0m[1mnull_resource.nl (remote-exec):[0m [0m                                   19 k
[0m[1mnull_resource.nl (remote-exec):[0m [0m [1m[32mperl-File-Find(B[m
[0m[1mnull_resource.nl (remote-exec):[0m [0m      noarch 1.37-480.el9      rhel-9-for-x86_64-appstream-eus-rhui-rpms
[0m[1mnull_resource.nl (remote-exec):[0m [0m                                   27 k
[0m[1mnull_resource.nl (remote-exec):[0m [0m [1m[32mperl-File-Path(B[m
[0m[1mnull_resource.nl (remote-exec):[0m [0m      noarch 2.18-4.el9        rhel-9-for-x86_64-appstream-eus-rhui-rpms
[0m[1mnull_resource.nl (remote-exec):[0m [0m                                   38 k
[0m[1mnull_resource.nl (remote-exec):[0m [0m [1m[32mperl-File-Temp(B[m
[0m[1mnull_resource.nl (remote-exec):[0m [0m      noarch 1:0.231.100-4.el9 rhel-9-for-x86_64-appstream-eus-rhui-rpms
[0m[1mnull_resource.nl (remote-exec):[0m [0m                                   63 k
[0m[1mnull_resource.nl (remote-exec):[0m [0m [1m[32mperl-File-stat(B[m
[0m[1mnull_resource.nl (remote-exec):[0m [0m      noarch 1.09-480.el9      rhel-9-for-x86_64-appstream-eus-rhui-rpms
[0m[1mnull_resource.nl (remote-exec):[0m [0m                                   19 k
[0m[1mnull_resource.nl (remote-exec):[0m [0m [1m[32mperl-FileHandle(B[m
[0m[1mnull_resource.nl (remote-exec):[0m [0m      noarch 2.03-480.el9      rhel-9-for-x86_64-appstream-eus-rhui-rpms
[0m[1mnull_resource.nl (remote-exec):[0m [0m                                   17 k
[0m[1mnull_resource.nl (remote-exec):[0m [0m [1m[32mperl-Getopt-Long(B[m
[0m[1mnull_resource.nl (remote-exec):[0m [0m      noarch 1:2.52-4.el9      rhel-9-for-x86_64-appstream-eus-rhui-rpms
[0m[1mnull_resource.nl (remote-exec):[0m [0m                                   64 k
[0m[1mnull_resource.nl (remote-exec):[0m [0m [1m[32mperl-Getopt-Std(B[m
[0m[1mnull_resource.nl (remote-exec):[0m [0m      noarch 1.12-480.el9      rhel-9-for-x86_64-appstream-eus-rhui-rpms
[0m[1mnull_resource.nl (remote-exec):[0m [0m                                   17 k
[0m[1mnull_resource.nl (remote-exec):[0m [0m [1m[32mperl-Git(B[m
[0m[1mnull_resource.nl (remote-exec):[0m [0m      noarch 2.39.3-1.el9_2    rhel-9-for-x86_64-appstream-eus-rhui-rpms
[0m[1mnull_resource.nl (remote-exec):[0m [0m                                   39 k
[0m[1mnull_resource.nl (remote-exec):[0m [0m [1m[32mperl-HTTP-Tiny(B[m
[0m[1mnull_resource.nl (remote-exec):[0m [0m      noarch 0.076-460.el9     rhel-9-for-x86_64-appstream-eus-rhui-rpms
[0m[1mnull_resource.nl (remote-exec):[0m [0m                                   58 k
[0m[1mnull_resource.nl (remote-exec):[0m [0m [1m[32mperl-IO(B[m
[0m[1mnull_resource.nl (remote-exec):[0m [0m      x86_64 1.43-480.el9      rhel-9-for-x86_64-appstream-eus-rhui-rpms
[0m[1mnull_resource.nl (remote-exec):[0m [0m                                   94 k
[0m[1mnull_resource.nl (remote-exec):[0m [0m [1m[32mperl-IO-Socket-IP(B[m
[0m[1mnull_resource.nl (remote-exec):[0m [0m      noarch 0.41-5.el9        rhel-9-for-x86_64-appstream-eus-rhui-rpms
[0m[1mnull_resource.nl (remote-exec):[0m [0m                                   45 k
[0m[1mnull_resource.nl (remote-exec):[0m [0m [1m[32mperl-IPC-Open3(B[m
[0m[1mnull_resource.nl (remote-exec):[0m [0m      noarch 1.21-480.el9      rhel-9-for-x86_64-appstream-eus-rhui-rpms
[0m[1mnull_resource.nl (remote-exec):[0m [0m                                   25 k
[0m[1mnull_resource.nl (remote-exec):[0m [0m [1m[32mperl-MIME-Base64(B[m
[0m[1mnull_resource.nl (remote-exec):[0m [0m      x86_64 3.16-4.el9        rhel-9-for-x86_64-appstream-eus-rhui-rpms
[0m[1mnull_resource.nl (remote-exec):[0m [0m                                   34 k
[0m[1mnull_resource.nl (remote-exec):[0m [0m [1m[32mperl-Net-SSLeay(B[m
[0m[1mnull_resource.nl (remote-exec):[0m [0m      x86_64 1.92-2.el9        rhel-9-for-x86_64-appstream-eus-rhui-rpms
[0m[1mnull_resource.nl (remote-exec):[0m [0m                                  392 k
[0m[1mnull_resource.nl (remote-exec):[0m [0m [1m[32mperl-POSIX(B[m
[0m[1mnull_resource.nl (remote-exec):[0m [0m      x86_64 1.94-480.el9      rhel-9-for-x86_64-appstream-eus-rhui-rpms
[0m[1mnull_resource.nl (remote-exec):[0m [0m                                   99 k
[0m[1mnull_resource.nl (remote-exec):[0m [0m [1m[32mperl-PathTools(B[m
[0m[1mnull_resource.nl (remote-exec):[0m [0m      x86_64 3.78-461.el9      rhel-9-for-x86_64-appstream-eus-rhui-rpms
[0m[1mnull_resource.nl (remote-exec):[0m [0m                                   92 k
[0m[1mnull_resource.nl (remote-exec):[0m [0m [1m[32mperl-Pod-Escapes(B[m
[0m[1mnull_resource.nl (remote-exec):[0m [0m      noarch 1:1.07-460.el9    rhel-9-for-x86_64-appstream-eus-rhui-rpms
[0m[1mnull_resource.nl (remote-exec):[0m [0m                                   22 k
[0m[1mnull_resource.nl (remote-exec):[0m [0m [1m[32mperl-Pod-Perldoc(B[m
[0m[1mnull_resource.nl (remote-exec):[0m [0m      noarch 3.28.01-461.el9   rhel-9-for-x86_64-appstream-eus-rhui-rpms
[0m[1mnull_resource.nl (remote-exec):[0m [0m                                   92 k
[0m[1mnull_resource.nl (remote-exec):[0m [0m [1m[32mperl-Pod-Simple(B[m
[0m[1mnull_resource.nl (remote-exec):[0m [0m      noarch 1:3.42-4.el9      rhel-9-for-x86_64-appstream-eus-rhui-rpms
[0m[1mnull_resource.nl (remote-exec):[0m [0m                                  229 k
[0m[1mnull_resource.nl (remote-exec):[0m [0m [1m[32mperl-Pod-Usage(B[m
[0m[1mnull_resource.nl (remote-exec):[0m [0m      noarch 4:2.01-4.el9      rhel-9-for-x86_64-appstream-eus-rhui-rpms
[0m[1mnull_resource.nl (remote-exec):[0m [0m                                   43 k
[0m[1mnull_resource.nl (remote-exec):[0m [0m [1m[32mperl-Scalar-List-Utils(B[m
[0m[1mnull_resource.nl (remote-exec):[0m [0m      x86_64 4:1.56-461.el9    rhel-9-for-x86_64-appstream-eus-rhui-rpms
[0m[1mnull_resource.nl (remote-exec):[0m [0m                                   77 k
[0m[1mnull_resource.nl (remote-exec):[0m [0m [1m[32mperl-SelectSaver(B[m
[0m[1mnull_resource.nl (remote-exec):[0m [0m      noarch 1.02-480.el9      rhel-9-for-x86_64-appstream-eus-rhui-rpms
[0m[1mnull_resource.nl (remote-exec):[0m [0m                                   13 k
[0m[1mnull_resource.nl (remote-exec):[0m [0m [1m[32mperl-Socket(B[m
[0m[1mnull_resource.nl (remote-exec):[0m [0m      x86_64 4:2.031-4.el9     rhel-9-for-x86_64-appstream-eus-rhui-rpms
[0m[1mnull_resource.nl (remote-exec):[0m [0m                                   58 k
[0m[1mnull_resource.nl (remote-exec):[0m [0m [1m[32mperl-Storable(B[m
[0m[1mnull_resource.nl (remote-exec):[0m [0m      x86_64 1:3.21-460.el9    rhel-9-for-x86_64-appstream-eus-rhui-rpms
[0m[1mnull_resource.nl (remote-exec):[0m [0m                                   98 k
[0m[1mnull_resource.nl (remote-exec):[0m [0m [1m[32mperl-Symbol(B[m
[0m[1mnull_resource.nl (remote-exec):[0m [0m      noarch 1.08-480.el9      rhel-9-for-x86_64-appstream-eus-rhui-rpms
[0m[1mnull_resource.nl (remote-exec):[0m [0m                                   16 k
[0m[1mnull_resource.nl (remote-exec):[0m [0m [1m[32mperl-Term-ANSIColor(B[m
[0m[1mnull_resource.nl (remote-exec):[0m [0m      noarch 5.01-461.el9      rhel-9-for-x86_64-appstream-eus-rhui-rpms
[0m[1mnull_resource.nl (remote-exec):[0m [0m                                   51 k
[0m[1mnull_resource.nl (remote-exec):[0m [0m [1m[32mperl-Term-Cap(B[m
[0m[1mnull_resource.nl (remote-exec):[0m [0m      noarch 1.17-460.el9      rhel-9-for-x86_64-appstream-eus-rhui-rpms
[0m[1mnull_resource.nl (remote-exec):[0m [0m                                   24 k
[0m[1mnull_resource.nl (remote-exec):[0m [0m [1m[32mperl-TermReadKey(B[m
[0m[1mnull_resource.nl (remote-exec):[0m [0m      x86_64 2.38-11.el9       rhel-9-for-x86_64-appstream-eus-rhui-rpms
[0m[1mnull_resource.nl (remote-exec):[0m [0m                                   40 k
[0m[1mnull_resource.nl (remote-exec):[0m [0m [1m[32mperl-Text-ParseWords(B[m
[0m[1mnull_resource.nl (remote-exec):[0m [0m      noarch 3.30-460.el9      rhel-9-for-x86_64-appstream-eus-rhui-rpms
[0m[1mnull_resource.nl (remote-exec):[0m [0m                                   18 k
[0m[1mnull_resource.nl (remote-exec):[0m [0m [1m[32mperl-Text-Tabs+Wrap(B[m
[0m[1mnull_resource.nl (remote-exec):[0m [0m      noarch 2013.0523-460.el9 rhel-9-for-x86_64-appstream-eus-rhui-rpms
[0m[1mnull_resource.nl (remote-exec):[0m [0m                                   25 k
[0m[1mnull_resource.nl (remote-exec):[0m [0m [1m[32mperl-Time-Local(B[m
[0m[1mnull_resource.nl (remote-exec):[0m [0m      noarch 2:1.300-7.el9     rhel-9-for-x86_64-appstream-eus-rhui-rpms
[0m[1mnull_resource.nl (remote-exec):[0m [0m                                   37 k
[0m[1mnull_resource.nl (remote-exec):[0m [0m [1m[32mperl-URI(B[m
[0m[1mnull_resource.nl (remote-exec):[0m [0m      noarch 5.09-3.el9        rhel-9-for-x86_64-appstream-eus-rhui-rpms
[0m[1mnull_resource.nl (remote-exec):[0m [0m                                  125 k
[0m[1mnull_resource.nl (remote-exec):[0m [0m [1m[32mperl-base(B[m
[0m[1mnull_resource.nl (remote-exec):[0m [0m      noarch 2.27-480.el9      rhel-9-for-x86_64-appstream-eus-rhui-rpms
[0m[1mnull_resource.nl (remote-exec):[0m [0m                                   18 k
[0m[1mnull_resource.nl (remote-exec):[0m [0m [1m[32mperl-constant(B[m
[0m[1mnull_resource.nl (remote-exec):[0m [0m      noarch 1.33-461.el9      rhel-9-for-x86_64-appstream-eus-rhui-rpms
[0m[1mnull_resource.nl (remote-exec):[0m [0m                                   25 k
[0m[1mnull_resource.nl (remote-exec):[0m [0m [1m[32mperl-if(B[m
[0m[1mnull_resource.nl (remote-exec):[0m [0m      noarch 0.60.800-480.el9  rhel-9-for-x86_64-appstream-eus-rhui-rpms
[0m[1mnull_resource.nl (remote-exec):[0m [0m                                   16 k
[0m[1mnull_resource.nl (remote-exec):[0m [0m [1m[32mperl-interpreter(B[m
[0m[1mnull_resource.nl (remote-exec):[0m [0m      x86_64 4:5.32.1-480.el9  rhel-9-for-x86_64-appstream-eus-rhui-rpms
[0m[1mnull_resource.nl (remote-exec):[0m [0m                                   75 k
[0m[1mnull_resource.nl (remote-exec):[0m [0m [1m[32mperl-lib(B[m
[0m[1mnull_resource.nl (remote-exec):[0m [0m      x86_64 0.65-480.el9      rhel-9-for-x86_64-appstream-eus-rhui-rpms
[0m[1mnull_resource.nl (remote-exec):[0m [0m                                   17 k
[0m[1mnull_resource.nl (remote-exec):[0m [0m [1m[32mperl-libnet(B[m
[0m[1mnull_resource.nl (remote-exec):[0m [0m      noarch 3.13-4.el9        rhel-9-for-x86_64-appstream-eus-rhui-rpms
[0m[1mnull_resource.nl (remote-exec):[0m [0m                                  134 k
[0m[1mnull_resource.nl (remote-exec):[0m [0m [1m[32mperl-libs(B[m
[0m[1mnull_resource.nl (remote-exec):[0m [0m      x86_64 4:5.32.1-480.el9  rhel-9-for-x86_64-appstream-eus-rhui-rpms
[0m[1mnull_resource.nl (remote-exec):[0m [0m                                  2.2 M
[0m[1mnull_resource.nl (remote-exec):[0m [0m [1m[32mperl-mro(B[m
[0m[1mnull_resource.nl (remote-exec):[0m [0m      x86_64 1.23-480.el9      rhel-9-for-x86_64-appstream-eus-rhui-rpms
[0m[1mnull_resource.nl (remote-exec):[0m [0m                                   31 k
[0m[1mnull_resource.nl (remote-exec):[0m [0m [1m[32mperl-overload(B[m
[0m[1mnull_resource.nl (remote-exec):[0m [0m      noarch 1.31-480.el9      rhel-9-for-x86_64-appstream-eus-rhui-rpms
[0m[1mnull_resource.nl (remote-exec):[0m [0m                                   47 k
[0m[1mnull_resource.nl (remote-exec):[0m [0m [1m[32mperl-overloading(B[m
[0m[1mnull_resource.nl (remote-exec):[0m [0m      noarch 0.02-480.el9      rhel-9-for-x86_64-appstream-eus-rhui-rpms
[0m[1mnull_resource.nl (remote-exec):[0m [0m                                   15 k
[0m[1mnull_resource.nl (remote-exec):[0m [0m [1m[32mperl-parent(B[m
[0m[1mnull_resource.nl (remote-exec):[0m [0m      noarch 1:0.238-460.el9   rhel-9-for-x86_64-appstream-eus-rhui-rpms
[0m[1mnull_resource.nl (remote-exec):[0m [0m                                   16 k
[0m[1mnull_resource.nl (remote-exec):[0m [0m [1m[32mperl-podlators(B[m
[0m[1mnull_resource.nl (remote-exec):[0m [0m      noarch 1:4.14-460.el9    rhel-9-for-x86_64-appstream-eus-rhui-rpms
[0m[1mnull_resource.nl (remote-exec):[0m [0m                                  118 k
[0m[1mnull_resource.nl (remote-exec):[0m [0m [1m[32mperl-subs(B[m
[0m[1mnull_resource.nl (remote-exec):[0m [0m      noarch 1.03-480.el9      rhel-9-for-x86_64-appstream-eus-rhui-rpms
[0m[1mnull_resource.nl (remote-exec):[0m [0m                                   13 k
[0m[1mnull_resource.nl (remote-exec):[0m [0m [1m[32mperl-vars(B[m
[0m[1mnull_resource.nl (remote-exec):[0m [0m      noarch 1.05-480.el9      rhel-9-for-x86_64-appstream-eus-rhui-rpms
[0m[1mnull_resource.nl (remote-exec):[0m [0m                                   15 k
[0m[1mnull_resource.nl (remote-exec):[0m [0mInstalling weak dependencies:
[0m[1mnull_resource.nl (remote-exec):[0m [0m [1m[32mperl-IO-Socket-SSL(B[m
[0m[1mnull_resource.nl (remote-exec):[0m [0m      noarch 2.073-1.el9       rhel-9-for-x86_64-appstream-eus-rhui-rpms
[0m[1mnull_resource.nl (remote-exec):[0m [0m                                  223 k
[0m[1mnull_resource.nl (remote-exec):[0m [0m [1m[32mperl-Mozilla-CA(B[m
[0m[1mnull_resource.nl (remote-exec):[0m [0m      noarch 20200520-6.el9    rhel-9-for-x86_64-appstream-eus-rhui-rpms
[0m[1mnull_resource.nl (remote-exec):[0m [0m                                   14 k
[0m[1mnull_resource.nl (remote-exec):[0m [0m [1m[32mperl-NDBM_File(B[m
[0m[1mnull_resource.nl (remote-exec):[0m [0m      x86_64 1.15-480.el9      rhel-9-for-x86_64-appstream-eus-rhui-rpms
[0m[1mnull_resource.nl (remote-exec):[0m [0m                                   25 k

[0m[1mnull_resource.nl (remote-exec):[0m [0mTransaction Summary
[0m[1mnull_resource.nl (remote-exec):[0m [0m========================================
[0m[1mnull_resource.nl (remote-exec):[0m [0mInstall  66 Packages

[0m[1mnull_resource.nl (remote-exec):[0m [0mTotal download size: 15 M
[0m[1mnull_resource.nl (remote-exec):[0m [0mInstalled size: 61 M
[0m[1mnull_resource.nl (remote-exec):[0m [0mDownloading Packages:
[0m[1mnull_resource.nl (remote-exec):[0m [0m(1/66): ---  B/s |   0  B     --:-- ETA
[0m[1mnull_resource.nl (remote-exec):[0m [0m(1/66): 227 kB/s |  64 kB     00:00
[0m[1mnull_resource.nl (remote-exec):[0m [0m(2-3/66 227 kB/s |  64 kB     01:05 ETA
[0m[1mnull_resource.nl (remote-exec):[0m [0m(2/66):  85 kB/s |  25 kB     00:00
[0m[1mnull_resource.nl (remote-exec):[0m [0m(3-4/66 240 kB/s | 137 kB     01:01 ETA
[0m[1mnull_resource.nl (remote-exec):[0m [0m(3/66): 712 kB/s | 223 kB     00:00
[0m[1mnull_resource.nl (remote-exec):[0m [0m(4-5/66 284 kB/s | 360 kB     00:50 ETA
[0m[1mnull_resource.nl (remote-exec):[0m [0m(4/66): 2.3 MB/s |  98 kB     00:00
[0m[1mnull_resource.nl (remote-exec):[0m [0m(5-6/66 294 kB/s | 410 kB     00:49 ETA
[0m[1mnull_resource.nl (remote-exec):[0m [0m(5/66): 1.3 MB/s |  59 kB     00:00
[0m[1mnull_resource.nl (remote-exec):[0m [0m(6-7/66 304 kB/s | 469 kB     00:47 ETA
[0m[1mnull_resource.nl (remote-exec):[0m [0m(6/66): 9.3 MB/s | 392 kB     00:00
[0m[1mnull_resource.nl (remote-exec):[0m [0m(7-8/66 381 kB/s | 861 kB     00:36 ETA
[0m[1mnull_resource.nl (remote-exec):[0m [0m(7/66): 1.0 MB/s |  63 kB     00:00
[0m[1mnull_resource.nl (remote-exec):[0m [0m(8-9/66 393 kB/s | 923 kB     00:35 ETA
[0m[1mnull_resource.nl (remote-exec):[0m [0m(8/66): 4.2 MB/s | 229 kB     00:00
[0m[1mnull_resource.nl (remote-exec):[0m [0m(9-10/6 437 kB/s | 1.1 MB     00:31 ETA
[0m[1mnull_resource.nl (remote-exec):[0m [0m(9/66): 519 kB/s |  16 kB     00:00
[0m[1mnull_resource.nl (remote-exec):[0m [0m(10-11/ 440 kB/s | 1.1 MB     00:31 ETA
[0m[1mnull_resource.nl (remote-exec):[0m [0m(10/66) 681 kB/s |  34 kB     00:00
[0m[1mnull_resource.nl (remote-exec):[0m [0m(11-12/ 446 kB/s | 1.2 MB     00:30 ETA
[0m[1mnull_resource.nl (remote-exec):[0m [0m(11/66) 1.8 MB/s |  92 kB     00:00
[0m[1mnull_resource.nl (remote-exec):[0m [0m(12-13/ 461 kB/s | 1.3 MB     00:29 ETA
[0m[1mnull_resource.nl (remote-exec):[0m [0m(12/66) 464 kB/s |  18 kB     00:00
[0m[1mnull_resource.nl (remote-exec):[0m [0m(13-14/ 464 kB/s | 1.3 MB     00:29 ETA
[0m[1mnull_resource.nl (remote-exec):[0m [0m(13/66) 834 kB/s |  51 kB     00:00
[0m[1mnull_resource.nl (remote-exec):[0m [0m(14-15/ 473 kB/s | 1.3 MB     00:28 ETA
[0m[1mnull_resource.nl (remote-exec):[0m [0m(14/66) 3.9 MB/s | 125 kB     00:00
[0m[1mnull_resource.nl (remote-exec):[0m [0m(15-16/ 496 kB/s | 1.5 MB     00:26 ETA
[0m[1mnull_resource.nl (remote-exec):[0m [0m(15/66) 2.5 MB/s | 134 kB     00:00
[0m[1mnull_resource.nl (remote-exec):[0m [0m(16-17/ 522 kB/s | 1.6 MB     00:25 ETA
[0m[1mnull_resource.nl (remote-exec):[0m [0m(16/66) 516 kB/s |  14 kB     00:00
[0m[1mnull_resource.nl (remote-exec):[0m [0m(17-18/ 523 kB/s | 1.6 MB     00:25 ETA
[0m[1mnull_resource.nl (remote-exec):[0m [0m(17/66) 723 kB/s |  45 kB     00:00
[0m[1mnull_resource.nl (remote-exec):[0m [0m(18-19/ 531 kB/s | 1.6 MB     00:24 ETA
[0m[1mnull_resource.nl (remote-exec):[0m [0m(18/66) 715 kB/s |  31 kB     00:00
[0m[1mnull_resource.nl (remote-exec):[0m [0m(19-20/ 536 kB/s | 1.7 MB     00:24 ETA
[0m[1mnull_resource.nl (remote-exec):[0m [0m(19/66) 780 kB/s |  24 kB     00:00
[0m[1mnull_resource.nl (remote-exec):[0m [0m(20-21/ 538 kB/s | 1.7 MB     00:24 ETA
[0m[1mnull_resource.nl (remote-exec):[0m [0m(20/66) 828 kB/s |  46 kB     00:00
[0m[1mnull_resource.nl (remote-exec):[0m [0m(21-22/ 547 kB/s | 1.7 MB     00:23 ETA
[0m[1mnull_resource.nl (remote-exec):[0m [0m(21/66) 762 kB/s |  22 kB     00:00
[0m[1mnull_resource.nl (remote-exec):[0m [0m(22-23/ 548 kB/s | 1.8 MB     00:23 ETA
[0m[1mnull_resource.nl (remote-exec):[0m [0m(22/66) 697 kB/s |  37 kB     00:00
[0m[1mnull_resource.nl (remote-exec):[0m [0m(23-24/ 605 kB/s | 2.0 MB     00:21 ETA
[0m[1mnull_resource.nl (remote-exec):[0m [0m(23/66) 1.2 MB/s |  39 kB     00:00
[0m[1mnull_resource.nl (remote-exec):[0m [0m(24-25/ 831 kB/s | 3.2 MB     00:13 ETA
[0m[1mnull_resource.nl (remote-exec):[0m [0m(24/66)  13 MB/s | 1.7 MB     00:00
[0m[1mnull_resource.nl (remote-exec):[0m [0m(25-26/ 904 kB/s | 3.6 MB     00:12 ETA
[0m[1mnull_resource.nl (remote-exec):[0m [0m(25/66) 497 kB/s |  34 kB     00:00
[0m[1mnull_resource.nl (remote-exec):[0m [0m(26-27/ 918 kB/s | 3.6 MB     00:12 ETA
[0m[1mnull_resource.nl (remote-exec):[0m [0m(26/66) 667 kB/s |  40 kB     00:00
[0m[1mnull_resource.nl (remote-exec):[0m [0m(27/66) 918 kB/s | 3.6 MB     00:12 ETA
[0m[1mnull_resource.nl (remote-exec):[0m [0m(27/66) 1.2 MB/s |  58 kB     00:00
[0m[1mnull_resource.nl (remote-exec):[0m [0m(28-29/ 924 kB/s | 3.7 MB     00:11 ETA
[0m[1mnull_resource.nl (remote-exec):[0m [0m(28/66) 1.9 MB/s |  77 kB     00:00
[0m[1mnull_resource.nl (remote-exec):[0m [0m(29-30/ 937 kB/s | 3.8 MB     00:11 ETA
[0m[1mnull_resource.nl (remote-exec):[0m [0m(29/66) 1.6 MB/s |  92 kB     00:00
[0m[1mnull_resource.nl (remote-exec):[0m [0m(30-31/ 952 kB/s | 3.9 MB     00:11 ETA
[0m[1mnull_resource.nl (remote-exec):[0m [0m(30/66) 810 kB/s |  29 kB     00:00
[0m[1mnull_resource.nl (remote-exec):[0m [0m(31-32/ 954 kB/s | 3.9 MB     00:11 ETA
[0m[1mnull_resource.nl (remote-exec):[0m [0m(31/66) 328 kB/s |  25 kB     00:00
[0m[1mnull_resource.nl (remote-exec):[0m [0m(32-33/ 953 kB/s | 3.9 MB     00:11 ETA
[0m[1mnull_resource.nl (remote-exec):[0m [0m(32/66) 491 kB/s |  38 kB     00:00
[0m[1mnull_resource.nl (remote-exec):[0m [0m(33-34/ 959 kB/s | 3.9 MB     00:11 ETA
[0m[1mnull_resource.nl (remote-exec):[0m [0m(33/66) 1.3 MB/s |  58 kB     00:00
[0m[1mnull_resource.nl (remote-exec):[0m [0m(34-35/ 967 kB/s | 4.0 MB     00:11 ETA
[0m[1mnull_resource.nl (remote-exec):[0m [0m(34/66) 3.7 MB/s | 118 kB     00:00
[0m[1mnull_resource.nl (remote-exec):[0m [0m(35-36/ 988 kB/s | 4.1 MB     00:10 ETA
[0m[1mnull_resource.nl (remote-exec):[0m [0m(35/66) 806 kB/s |  43 kB     00:00
[0m[1mnull_resource.nl (remote-exec):[0m [0m(36-37/ 994 kB/s | 4.2 MB     00:10 ETA
[0m[1mnull_resource.nl (remote-exec):[0m [0m(36/66) 1.5 MB/s |  47 kB     00:00
[0m[1mnull_resource.nl (remote-exec):[0m [0m(37-38/ 1.0 MB/s | 4.2 MB     00:10 ETA
[0m[1mnull_resource.nl (remote-exec):[0m [0m(37/66) 458 kB/s |  24 kB     00:00
[0m[1mnull_resource.nl (remote-exec):[0m [0m(38-39/ 1.0 MB/s | 4.2 MB     00:10 ETA
[0m[1mnull_resource.nl (remote-exec):[0m [0m(38/66) 765 kB/s |  23 kB     00:00
[0m[1mnull_resource.nl (remote-exec):[0m [0m(39-40/ 1.3 MB/s | 5.9 MB     00:06 ETA
[0m[1mnull_resource.nl (remote-exec):[0m [0m(39/66) 339 kB/s |  17 kB     00:00
[0m[1mnull_resource.nl (remote-exec):[0m [0m(40-41/ 1.3 MB/s | 5.9 MB     00:06 ETA
[0m[1mnull_resource.nl (remote-exec):[0m [0m(40/66)  20 MB/s | 2.2 MB     00:00
[0m[1mnull_resource.nl (remote-exec):[0m [0m(41-42/ 1.4 MB/s | 6.5 MB     00:05 ETA
[0m[1mnull_resource.nl (remote-exec):[0m [0m(41/66) 454 kB/s |  27 kB     00:00
[0m[1mnull_resource.nl (remote-exec):[0m [0m(42-43/ 1.4 MB/s | 6.5 MB     00:05 ETA
[0m[1mnull_resource.nl (remote-exec):[0m [0m(42/66) 286 kB/s |  17 kB     00:00
[0m[1mnull_resource.nl (remote-exec):[0m [0m(43/66) 1.4 MB/s | 6.5 MB     00:05 ETA
[0m[1mnull_resource.nl (remote-exec):[0m [0m(43/66) 589 kB/s |  16 kB     00:00
[0m[1mnull_resource.nl (remote-exec):[0m [0m(44-45/ 1.4 MB/s | 6.5 MB     00:05 ETA
[0m[1mnull_resource.nl (remote-exec):[0m [0m(44/66) 244 kB/s |  13 kB     00:00
[0m[1mnull_resource.nl (remote-exec):[0m [0m(45-46/ 1.4 MB/s | 6.5 MB     00:05 ETA
[0m[1mnull_resource.nl (remote-exec):[0m [0m(45/66) 575 kB/s |  27 kB     00:00
[0m[1mnull_resource.nl (remote-exec):[0m [0m(46-47/ 1.4 MB/s | 6.6 MB     00:05 ETA
[0m[1mnull_resource.nl (remote-exec):[0m [0m(46/66) 3.4 MB/s | 185 kB     00:00
[0m[1mnull_resource.nl (remote-exec):[0m [0m(47-48/ 1.5 MB/s | 6.8 MB     00:05 ETA
[0m[1mnull_resource.nl (remote-exec):[0m [0m(47/66) 2.2 MB/s |  99 kB     00:00
[0m[1mnull_resource.nl (remote-exec):[0m [0m(48-49/ 1.5 MB/s | 6.8 MB     00:05 ETA
[0m[1mnull_resource.nl (remote-exec):[0m [0m(48/66) 251 kB/s |  17 kB     00:00
[0m[1mnull_resource.nl (remote-exec):[0m [0m(49-50/ 1.5 MB/s | 6.9 MB     00:05 ETA
[0m[1mnull_resource.nl (remote-exec):[0m [0m(49/66) 460 kB/s |  15 kB     00:00
[0m[1mnull_resource.nl (remote-exec):[0m [0m(50-51/ 1.4 MB/s | 6.9 MB     00:05 ETA
[0m[1mnull_resource.nl (remote-exec):[0m [0m(50/66) 250 kB/s |  17 kB     00:00
[0m[1mnull_resource.nl (remote-exec):[0m [0m(51-52/ 1.4 MB/s | 6.9 MB     00:05 ETA
[0m[1mnull_resource.nl (remote-exec):[0m [0m(51/66) 283 kB/s |  19 kB     00:00
[0m[1mnull_resource.nl (remote-exec):[0m [0m(52-53/ 1.4 MB/s | 6.9 MB     00:05 ETA
[0m[1mnull_resource.nl (remote-exec):[0m [0m(52/66) 641 kB/s |  25 kB     00:00
[0m[1mnull_resource.nl (remote-exec):[0m [0m(53-54/ 1.4 MB/s | 6.9 MB     00:05 ETA
[0m[1mnull_resource.nl (remote-exec):[0m [0m(53/66) 634 kB/s |  19 kB     00:00
[0m[1mnull_resource.nl (remote-exec):[0m [0m(54-55/ 1.4 MB/s | 7.0 MB     00:05 ETA
[0m[1mnull_resource.nl (remote-exec):[0m [0m(54/66) 435 kB/s |  23 kB     00:00
[0m[1mnull_resource.nl (remote-exec):[0m [0m(55-56/ 1.4 MB/s | 7.0 MB     00:05 ETA
[0m[1mnull_resource.nl (remote-exec):[0m [0m(55/66) 582 kB/s |  15 kB     00:00
[0m[1mnull_resource.nl (remote-exec):[0m [0m(56-57/ 1.4 MB/s | 7.0 MB     00:05 ETA
[0m[1mnull_resource.nl (remote-exec):[0m [0m(56/66) 1.4 MB/s |  75 kB     00:00
[0m[1mnull_resource.nl (remote-exec):[0m [0m(57-58/ 1.5 MB/s | 7.1 MB     00:05 ETA
[0m[1mnull_resource.nl (remote-exec):[0m [0m(57/66) 887 kB/s |  25 kB     00:00
[0m[1mnull_resource.nl (remote-exec):[0m [0m(58-59/ 1.5 MB/s | 7.1 MB     00:05 ETA
[0m[1mnull_resource.nl (remote-exec):[0m [0m(58/66) 152 kB/s |  94 kB     00:00
[0m[1mnull_resource.nl (remote-exec):[0m [0m(59-60/ 1.3 MB/s | 7.2 MB     00:05 ETA
[0m[1mnull_resource.nl (remote-exec):[0m [0m(59/66)  29 kB/s |  18 kB     00:00
[0m[1mnull_resource.nl (remote-exec):[0m [0m(60-61/ 1.3 MB/s | 7.2 MB     00:05 ETA
[0m[1mnull_resource.nl (remote-exec):[0m [0m(60/66) 278 kB/s |  13 kB     00:00
[0m[1mnull_resource.nl (remote-exec):[0m [0m(61-62/ 1.3 MB/s | 7.2 MB     00:05 ETA
[0m[1mnull_resource.nl (remote-exec):[0m [0m(61/66)  17 kB/s |  16 kB     00:00
[0m[1mnull_resource.nl (remote-exec):[0m [0m(62-63/ 1.2 MB/s | 7.2 MB     00:05 ETA
[0m[1mnull_resource.nl (remote-exec):[0m [0m(62/66)  33 kB/s |  31 kB     00:00
[0m[1mnull_resource.nl (remote-exec):[0m [0m(63-64/ 1.1 MB/s | 7.3 MB     00:06 ETA
[0m[1mnull_resource.nl (remote-exec):[0m [0m(63/66)  71 kB/s |  66 kB     00:00
[0m[1mnull_resource.nl (remote-exec):[0m [0m(64-65/ 1.1 MB/s | 7.3 MB     00:06 ETA
[0m[1mnull_resource.nl (remote-exec):[0m [0m(64/66) 783 kB/s |  39 kB     00:00
[0m[1mnull_resource.nl (remote-exec):[0m [0m(65-66/ 1.4 MB/s | 8.8 MB     00:04 ETA
[0m[1mnull_resource.nl (remote-exec):[0m [0m(65/66)  27 MB/s | 2.9 MB     00:00
[0m[1mnull_resource.nl (remote-exec):[0m [0m(66/66) 2.3 MB/s |  14 MB     00:00 ETA
[0m[1mnull_resource.nl (remote-exec):[0m [0m(66/66) 5.0 MB/s | 4.3 MB     00:00
[0m[1mnull_resource.nl (remote-exec):[0m [0m----------------------------------------
[0m[1mnull_resource.nl (remote-exec):[0m [0mTotal   4.4 MB/s |  15 MB     00:03
[0m[1mnull_resource.nl (remote-exec):[0m [0mRunning transaction check
[0m[1mnull_resource.nl (remote-exec):[0m [0mTransaction check succeeded.
[0m[1mnull_resource.nl (remote-exec):[0m [0mRunning transaction test
[0m[1mnull_resource.nl (remote-exec):[0m [0mTransaction test succeeded.
[0m[1mnull_resource.nl (remote-exec):[0m [0mRunning transaction
[0m[1mnull_resource.nl: Still creating... [30s elapsed][0m[0m
[0m[1mnull_resource.nl (remote-exec):[0m [0m  Preparing        :  [           ] 1/1
[0m[1mnull_resource.nl (remote-exec):[0m [0m  Preparing        :  [=          ] 1/1
[0m[1mnull_resource.nl (remote-exec):[0m [0m  Preparing        :  [==         ] 1/1
[0m[1mnull_resource.nl (remote-exec):[0m [0m  Preparing        :  [===        ] 1/1
[0m[1mnull_resource.nl (remote-exec):[0m [0m  Preparing        :  [====       ] 1/1
[0m[1mnull_resource.nl (remote-exec):[0m [0m  Preparing        :  [=====      ] 1/1
[0m[1mnull_resource.nl (remote-exec):[0m [0m  Preparing        :  [======     ] 1/1
[0m[1mnull_resource.nl (remote-exec):[0m [0m  Preparing        :  [=======    ] 1/1
[0m[1mnull_resource.nl (remote-exec):[0m [0m  Preparing        :  [========   ] 1/1
[0m[1mnull_resource.nl (remote-exec):[0m [0m  Preparing        :  [=========  ] 1/1
[0m[1mnull_resource.nl (remote-exec):[0m [0m  Preparing        :  [========== ] 1/1
[0m[1mnull_resource.nl (remote-exec):[0m [0m  Preparing        :                1/1
[0m[1mnull_resource.nl (remote-exec):[0m [0m  Installing       : perl   1/66
[0m[1mnull_resource.nl (remote-exec):[0m [0m  Installing       : perl-Diges    1/66
[0m[1mnull_resource.nl (remote-exec):[0m [0m  Installing       : perl   2/66
[0m[1mnull_resource.nl (remote-exec):[0m [0m  Installing       : perl-Diges    2/66
[0m[1mnull_resource.nl (remote-exec):[0m [0m  Installing       : perl   3/66
[0m[1mnull_resource.nl (remote-exec):[0m [0m  Installing       : perl-B-1.8    3/66
[0m[1mnull_resource.nl (remote-exec):[0m [0m  Installing       : perl   4/66
[0m[1mnull_resource.nl (remote-exec):[0m [0m  Installing       : perl-FileH    4/66
[0m[1mnull_resource.nl (remote-exec):[0m [0m  Installing       : perl   5/66
[0m[1mnull_resource.nl (remote-exec):[0m [0m  Installing       : perl-AutoL    5/66
[0m[1mnull_resource.nl (remote-exec):[0m [0m  Installing       : perl   6/66
[0m[1mnull_resource.nl (remote-exec):[0m [0m  Installing       : perl-Data-    6/66
[0m[1mnull_resource.nl (remote-exec):[0m [0m  Installing       : perl   7/66
[0m[1mnull_resource.nl (remote-exec):[0m [0m  Installing       : perl-libne    7/66
[0m[1mnull_resource.nl (remote-exec):[0m [0m  Installing       : perl   8/66
[0m[1mnull_resource.nl (remote-exec):[0m [0m  Installing       : perl-Net-S    8/66
[0m[1mnull_resource.nl (remote-exec):[0m [0m  Installing       : perl   9/66
[0m[1mnull_resource.nl (remote-exec):[0m [0m  Installing       : perl-base-    9/66
[0m[1mnull_resource.nl (remote-exec):[0m [0m  Installing       : perl  10/66
[0m[1mnull_resource.nl (remote-exec):[0m [0m  Installing       : perl-URI-5   10/66
[0m[1mnull_resource.nl (remote-exec):[0m [0m  Installing       : perl  11/66
[0m[1mnull_resource.nl (remote-exec):[0m [0m  Installing       : perl-Time-   11/66
[0m[1mnull_resource.nl (remote-exec):[0m [0m  Installing       : perl  12/66
[0m[1mnull_resource.nl (remote-exec):[0m [0m  Installing       : perl-Mozil   12/66
[0m[1mnull_resource.nl (remote-exec):[0m [0m  Installing       : perl  13/66
[0m[1mnull_resource.nl (remote-exec):[0m [0m  Installing       : perl-Text-   13/66
[0m[1mnull_resource.nl (remote-exec):[0m [0m  Installing       : perl  14/66
[0m[1mnull_resource.nl (remote-exec):[0m [0m  Installing       : perl-Pod-E   14/66
[0m[1mnull_resource.nl (remote-exec):[0m [0m  Installing       : perl  15/66
[0m[1mnull_resource.nl (remote-exec):[0m [0m  Installing       : perl-File-   15/66
[0m[1mnull_resource.nl (remote-exec):[0m [0m  Installing       : perl  16/66
[0m[1mnull_resource.nl (remote-exec):[0m [0m  Installing       : perl-if-0.   16/66
[0m[1mnull_resource.nl (remote-exec):[0m [0m  Installing       : perl  17/66
[0m[1mnull_resource.nl (remote-exec):[0m [0m  Installing       : perl-IO-So   17/66
[0m[1mnull_resource.nl (remote-exec):[0m [0m  Installing       : perl  18/66
[0m[1mnull_resource.nl (remote-exec):[0m [0m  Installing       : perl-IO-So   18/66
[0m[1mnull_resource.nl (remote-exec):[0m [0m  Installing       : perl  19/66
[0m[1mnull_resource.nl (remote-exec):[0m [0m  Installing       : perl-Term-   19/66
[0m[1mnull_resource.nl (remote-exec):[0m [0m  Installing       : perl  20/66
[0m[1mnull_resource.nl (remote-exec):[0m [0m  Installing       : perl-Class   20/66
[0m[1mnull_resource.nl (remote-exec):[0m [0m  Installing       : perl  21/66
[0m[1mnull_resource.nl (remote-exec):[0m [0m  Installing       : perl-POSIX   21/66
[0m[1mnull_resource.nl (remote-exec):[0m [0m  Installing       : perl  22/66
[0m[1mnull_resource.nl (remote-exec):[0m [0m  Installing       : perl-Term-   22/66
[0m[1mnull_resource.nl (remote-exec):[0m [0m  Installing       : perl  23/66
[0m[1mnull_resource.nl (remote-exec):[0m [0m  Installing       : perl-subs-   23/66
[0m[1mnull_resource.nl (remote-exec):[0m [0m  Installing       : perl  24/66
[0m[1mnull_resource.nl (remote-exec):[0m [0m  Installing       : perl-Pod-S   24/66
[0m[1mnull_resource.nl (remote-exec):[0m [0m  Installing       : perl  25/66
[0m[1mnull_resource.nl (remote-exec):[0m [0m  Installing       : perl-File-   25/66
[0m[1mnull_resource.nl (remote-exec):[0m [0m  Installing       : perl  26/66
[0m[1mnull_resource.nl (remote-exec):[0m [0m  Installing       : perl-IPC-O   26/66
[0m[1mnull_resource.nl (remote-exec):[0m [0m  Installing       : perl  27/66
[0m[1mnull_resource.nl (remote-exec):[0m [0m  Installing       : perl-HTTP-   27/66
[0m[1mnull_resource.nl (remote-exec):[0m [0m  Installing       : perl  28/66
[0m[1mnull_resource.nl (remote-exec):[0m [0m  Installing       : perl-Socke   28/66
[0m[1mnull_resource.nl (remote-exec):[0m [0m  Installing       : perl  29/66
[0m[1mnull_resource.nl (remote-exec):[0m [0m  Installing       : perl-Selec   29/66
[0m[1mnull_resource.nl (remote-exec):[0m [0m  Installing       : perl  30/66
[0m[1mnull_resource.nl (remote-exec):[0m [0m  Installing       : perl-Symbo   30/66
[0m[1mnull_resource.nl (remote-exec):[0m [0m  Installing       : perl  31/66
[0m[1mnull_resource.nl (remote-exec):[0m [0m  Installing       : perl-File-   31/66
[0m[1mnull_resource.nl (remote-exec):[0m [0m  Installing       : perl  32/66
[0m[1mnull_resource.nl (remote-exec):[0m [0m  Installing       : perl-podla   32/66
[0m[1mnull_resource.nl (remote-exec):[0m [0m  Installing       : perl  33/66
[0m[1mnull_resource.nl (remote-exec):[0m [0m  Installing       : perl-Pod-P   33/66
[0m[1mnull_resource.nl (remote-exec):[0m [0m  Installing       : perl  34/66
[0m[1mnull_resource.nl (remote-exec):[0m [0m  Installing       : perl-Text-   34/66
[0m[1mnull_resource.nl (remote-exec):[0m [0m  Installing       : perl  35/66
[0m[1mnull_resource.nl (remote-exec):[0m [0m  Installing       : perl-overl   35/66
[0m[1mnull_resource.nl (remote-exec):[0m [0m  Installing       : perl  36/66
[0m[1mnull_resource.nl (remote-exec):[0m [0m  Installing       : perl-Fcntl   36/66
[0m[1mnull_resource.nl (remote-exec):[0m [0m  Installing       : perl  37/66
[0m[1mnull_resource.nl (remote-exec):[0m [0m  Installing       : perl-IO-1.   37/66
[0m[1mnull_resource.nl (remote-exec):[0m [0m  Installing       : perl  38/66
[0m[1mnull_resource.nl (remote-exec):[0m [0m  Installing       : perl-mro-1   38/66
[0m[1mnull_resource.nl (remote-exec):[0m [0m  Installing       : perl  39/66
[0m[1mnull_resource.nl (remote-exec):[0m [0m  Installing       : perl-Pod-U   39/66
[0m[1mnull_resource.nl (remote-exec):[0m [0m  Installing       : perl  40/66
[0m[1mnull_resource.nl (remote-exec):[0m [0m  Installing       : perl-paren   40/66
[0m[1mnull_resource.nl (remote-exec):[0m [0m  Installing       : perl  41/66
[0m[1mnull_resource.nl (remote-exec):[0m [0m  Installing       : perl-MIME-   41/66
[0m[1mnull_resource.nl (remote-exec):[0m [0m  Installing       : perl  42/66
[0m[1mnull_resource.nl (remote-exec):[0m [0m  Installing       : perl-Scala   42/66
[0m[1mnull_resource.nl (remote-exec):[0m [0m  Installing       : perl  43/66
[0m[1mnull_resource.nl (remote-exec):[0m [0m  Installing       : perl-const   43/66
[0m[1mnull_resource.nl (remote-exec):[0m [0m  Installing       : perl  44/66
[0m[1mnull_resource.nl (remote-exec):[0m [0m  Installing       : perl-Errno   44/66
[0m[1mnull_resource.nl (remote-exec):[0m [0m  Installing       : perl  45/66
[0m[1mnull_resource.nl (remote-exec):[0m [0m  Installing       : perl-Getop   45/66
[0m[1mnull_resource.nl (remote-exec):[0m [0m  Installing       : perl  46/66
[0m[1mnull_resource.nl (remote-exec):[0m [0m  Installing       : perl-File-   46/66
[0m[1mnull_resource.nl (remote-exec):[0m [0m  Installing       : perl  47/66
[0m[1mnull_resource.nl (remote-exec):[0m [0m  Installing       : perl-vars-   47/66
[0m[1mnull_resource.nl (remote-exec):[0m [0m  Installing       : perl  48/66
[0m[1mnull_resource.nl (remote-exec):[0m [0m  Installing       : perl-Stora   48/66
[0m[1mnull_resource.nl (remote-exec):[0m [0m  Installing       : perl  49/66
[0m[1mnull_resource.nl (remote-exec):[0m [0m  Installing       : perl-overl   49/66
[0m[1mnull_resource.nl (remote-exec):[0m [0m  Installing       : perl  50/66
[0m[1mnull_resource.nl (remote-exec):[0m [0m  Installing       : perl-Getop   50/66
[0m[1mnull_resource.nl (remote-exec):[0m [0m  Installing       : perl  51/66
[0m[1mnull_resource.nl (remote-exec):[0m [0m  Installing       : perl-Expor   51/66
[0m[1mnull_resource.nl (remote-exec):[0m [0m  Installing       : perl  52/66
[0m[1mnull_resource.nl (remote-exec):[0m [0m  Installing       : perl-Carp-   52/66
[0m[1mnull_resource.nl (remote-exec):[0m [0m  Installing       : perl  53/66
[0m[1mnull_resource.nl (remote-exec):[0m [0m  Installing       : perl-PathT   53/66
[0m[1mnull_resource.nl (remote-exec):[0m [0m  Installing       : perl  54/66
[0m[1mnull_resource.nl (remote-exec):[0m [0m  Installing       : perl-NDBM_   54/66
[0m[1mnull_resource.nl (remote-exec):[0m [0m  Installing       : perl  55/66
[0m[1mnull_resource.nl (remote-exec):[0m [0m  Installing       : perl-Encod   55/66
[0m[1mnull_resource.nl (remote-exec):[0m [0m  Installing       : perl  56/66
[0m[1mnull_resource.nl (remote-exec):[0m [0m  Installing       : perl-libs-   56/66
[0m[1mnull_resource.nl (remote-exec):[0m [0m  Installing       : perl  57/66
[0m[1mnull_resource.nl (remote-exec):[0m [0m  Installing       : perl-inter   57/66
[0m[1mnull_resource.nl (remote-exec):[0m [0m  Installing       : git-  58/66
[0m[1mnull_resource.nl (remote-exec):[0m [0m  Installing       : git-core-2   58/66
[0m[1mnull_resource.nl (remote-exec):[0m [0m  Installing       : git-  59/66
[0m[1mnull_resource.nl (remote-exec):[0m [0m  Installing       : git-core-d   59/66
[0m[1mnull_resource.nl (remote-exec):[0m [0m  Installing       : perl  60/66
[0m[1mnull_resource.nl (remote-exec):[0m [0m  Installing       : perl-Error   60/66
[0m[1mnull_resource.nl (remote-exec):[0m [0m  Installing       : perl  61/66
[0m[1mnull_resource.nl (remote-exec):[0m [0m  Installing       : perl-lib-0   61/66
[0m[1mnull_resource.nl (remote-exec):[0m [0m  Installing       : perl  62/66
[0m[1mnull_resource.nl (remote-exec):[0m [0m  Installing       : perl-DynaL   62/66
[0m[1mnull_resource.nl (remote-exec):[0m [0m  Installing       : perl  63/66
[0m[1mnull_resource.nl (remote-exec):[0m [0m  Installing       : perl-TermR   63/66
[0m[1mnull_resource.nl (remote-exec):[0m [0m  Installing       : perl  64/66
[0m[1mnull_resource.nl (remote-exec):[0m [0m  Installing       : perl-File-   64/66
[0m[1mnull_resource.nl (remote-exec):[0m [0m  Installing       : perl  65/66
[0m[1mnull_resource.nl (remote-exec):[0m [0m  Installing       : perl-Git-2   65/66
[0m[1mnull_resource.nl (remote-exec):[0m [0m  Installing       : git-  66/66
[0m[1mnull_resource.nl (remote-exec):[0m [0m  Installing       : git-2.39.3   66/66
[0m[1mnull_resource.nl (remote-exec):[0m [0m  Running scriptlet: git-2.39.3   66/66
[0m[1mnull_resource.nl (remote-exec):[0m [0m  Verifying        : perl-IO-So    1/66
[0m[1mnull_resource.nl (remote-exec):[0m [0m  Verifying        : perl-Text-    2/66
[0m[1mnull_resource.nl (remote-exec):[0m [0m  Verifying        : perl-Getop    3/66
[0m[1mnull_resource.nl (remote-exec):[0m [0m  Verifying        : perl-Stora    4/66
[0m[1mnull_resource.nl (remote-exec):[0m [0m  Verifying        : perl-Data-    5/66
[0m[1mnull_resource.nl (remote-exec):[0m [0m  Verifying        : perl-File-    6/66
[0m[1mnull_resource.nl (remote-exec):[0m [0m  Verifying        : perl-Net-S    7/66
[0m[1mnull_resource.nl (remote-exec):[0m [0m  Verifying        : perl-Pod-S    8/66
[0m[1mnull_resource.nl (remote-exec):[0m [0m  Verifying        : perl-Expor    9/66
[0m[1mnull_resource.nl (remote-exec):[0m [0m  Verifying        : perl-paren   10/66
[0m[1mnull_resource.nl (remote-exec):[0m [0m  Verifying        : perl-PathT   11/66
[0m[1mnull_resource.nl (remote-exec):[0m [0m  Verifying        : perl-Term-   12/66
[0m[1mnull_resource.nl (remote-exec):[0m [0m  Verifying        : perl-Text-   13/66
[0m[1mnull_resource.nl (remote-exec):[0m [0m  Verifying        : perl-libne   14/66
[0m[1mnull_resource.nl (remote-exec):[0m [0m  Verifying        : perl-URI-5   15/66
[0m[1mnull_resource.nl (remote-exec):[0m [0m  Verifying        : perl-IO-So   16/66
[0m[1mnull_resource.nl (remote-exec):[0m [0m  Verifying        : perl-Mozil   17/66
[0m[1mnull_resource.nl (remote-exec):[0m [0m  Verifying        : perl-Carp-   18/66
[0m[1mnull_resource.nl (remote-exec):[0m [0m  Verifying        : perl-Error   19/66
[0m[1mnull_resource.nl (remote-exec):[0m [0m  Verifying        : perl-Term-   20/66
[0m[1mnull_resource.nl (remote-exec):[0m [0m  Verifying        : perl-Encod   21/66
[0m[1mnull_resource.nl (remote-exec):[0m [0m  Verifying        : perl-Time-   22/66
[0m[1mnull_resource.nl (remote-exec):[0m [0m  Verifying        : perl-Pod-E   23/66
[0m[1mnull_resource.nl (remote-exec):[0m [0m  Verifying        : perl-Diges   24/66
[0m[1mnull_resource.nl (remote-exec):[0m [0m  Verifying        : perl-MIME-   25/66
[0m[1mnull_resource.nl (remote-exec):[0m [0m  Verifying        : perl-TermR   26/66
[0m[1mnull_resource.nl (remote-exec):[0m [0m  Verifying        : perl-Socke   27/66
[0m[1mnull_resource.nl (remote-exec):[0m [0m  Verifying        : perl-Pod-P   28/66
[0m[1mnull_resource.nl (remote-exec):[0m [0m  Verifying        : perl-Scala   29/66
[0m[1mnull_resource.nl (remote-exec):[0m [0m  Verifying        : perl-const   30/66
[0m[1mnull_resource.nl (remote-exec):[0m [0m  Verifying        : perl-File-   31/66
[0m[1mnull_resource.nl (remote-exec):[0m [0m  Verifying        : perl-Diges   32/66
[0m[1mnull_resource.nl (remote-exec):[0m [0m  Verifying        : perl-HTTP-   33/66
[0m[1mnull_resource.nl (remote-exec):[0m [0m  Verifying        : perl-Pod-U   34/66
[0m[1mnull_resource.nl (remote-exec):[0m [0m  Verifying        : perl-podla   35/66
[0m[1mnull_resource.nl (remote-exec):[0m [0m  Verifying        : perl-Class   36/66
[0m[1mnull_resource.nl (remote-exec):[0m [0m  Verifying        : perl-overl   37/66
[0m[1mnull_resource.nl (remote-exec):[0m [0m  Verifying        : perl-libs-   38/66
[0m[1mnull_resource.nl (remote-exec):[0m [0m  Verifying        : perl-lib-0   39/66
[0m[1mnull_resource.nl (remote-exec):[0m [0m  Verifying        : perl-AutoL   40/66
[0m[1mnull_resource.nl (remote-exec):[0m [0m  Verifying        : perl-DynaL   41/66
[0m[1mnull_resource.nl (remote-exec):[0m [0m  Verifying        : perl-Errno   42/66
[0m[1mnull_resource.nl (remote-exec):[0m [0m  Verifying        : perl-Selec   43/66
[0m[1mnull_resource.nl (remote-exec):[0m [0m  Verifying        : perl-File-   44/66
[0m[1mnull_resource.nl (remote-exec):[0m [0m  Verifying        : perl-Symbo   45/66
[0m[1mnull_resource.nl (remote-exec):[0m [0m  Verifying        : perl-B-1.8   46/66
[0m[1mnull_resource.nl (remote-exec):[0m [0m  Verifying        : perl-Getop   47/66
[0m[1mnull_resource.nl (remote-exec):[0m [0m  Verifying        : perl-POSIX   48/66
[0m[1mnull_resource.nl (remote-exec):[0m [0m  Verifying        : perl-FileH   49/66
[0m[1mnull_resource.nl (remote-exec):[0m [0m  Verifying        : perl-File-   50/66
[0m[1mnull_resource.nl (remote-exec):[0m [0m  Verifying        : perl-overl   51/66
[0m[1mnull_resource.nl (remote-exec):[0m [0m  Verifying        : perl-IPC-O   52/66
[0m[1mnull_resource.nl (remote-exec):[0m [0m  Verifying        : perl-Fcntl   53/66
[0m[1mnull_resource.nl (remote-exec):[0m [0m  Verifying        : perl-File-   54/66
[0m[1mnull_resource.nl (remote-exec):[0m [0m  Verifying        : perl-inter   55/66
[0m[1mnull_resource.nl (remote-exec):[0m [0m  Verifying        : perl-vars-   56/66
[0m[1mnull_resource.nl (remote-exec):[0m [0m  Verifying        : perl-IO-1.   57/66
[0m[1mnull_resource.nl (remote-exec):[0m [0m  Verifying        : perl-NDBM_   58/66
[0m[1mnull_resource.nl (remote-exec):[0m [0m  Verifying        : perl-if-0.   59/66
[0m[1mnull_resource.nl (remote-exec):[0m [0m  Verifying        : perl-base-   60/66
[0m[1mnull_resource.nl (remote-exec):[0m [0m  Verifying        : perl-subs-   61/66
[0m[1mnull_resource.nl (remote-exec):[0m [0m  Verifying        : perl-mro-1   62/66
[0m[1mnull_resource.nl (remote-exec):[0m [0m  Verifying        : git-2.39.3   63/66
[0m[1mnull_resource.nl (remote-exec):[0m [0m  Verifying        : git-core-2   64/66
[0m[1mnull_resource.nl (remote-exec):[0m [0m  Verifying        : perl-Git-2   65/66
[0m[1mnull_resource.nl (remote-exec):[0m [0m  Verifying        : git-core-d   66/66
[0m[1mnull_resource.nl (remote-exec):[0m [0mInstalled products updated.

[0m[1mnull_resource.nl: Still creating... [40s elapsed][0m[0m
[0m[1mnull_resource.nl (remote-exec):[0m [0mInstalled:
[0m[1mnull_resource.nl (remote-exec):[0m [0m  git-2.39.3-1.el9_2.x86_64
[0m[1mnull_resource.nl (remote-exec):[0m [0m  git-core-2.39.3-1.el9_2.x86_64
[0m[1mnull_resource.nl (remote-exec):[0m [0m  git-core-doc-2.39.3-1.el9_2.noarch
[0m[1mnull_resource.nl (remote-exec):[0m [0m  perl-AutoLoader-5.74-480.el9.noarch
[0m[1mnull_resource.nl (remote-exec):[0m [0m  perl-B-1.80-480.el9.x86_64
[0m[1mnull_resource.nl (remote-exec):[0m [0m  perl-Carp-1.50-460.el9.noarch
[0m[1mnull_resource.nl (remote-exec):[0m [0m  perl-Class-Struct-0.66-480.el9.noarch
[0m[1mnull_resource.nl (remote-exec):[0m [0m  perl-Data-Dumper-2.174-462.el9.x86_64
[0m[1mnull_resource.nl (remote-exec):[0m [0m  perl-Digest-1.19-4.el9.noarch
[0m[1mnull_resource.nl (remote-exec):[0m [0m  perl-Digest-MD5-2.58-4.el9.x86_64
[0m[1mnull_resource.nl (remote-exec):[0m [0m  perl-DynaLoader-1.47-480.el9.x86_64
[0m[1mnull_resource.nl (remote-exec):[0m [0m  perl-Encode-4:3.08-462.el9.x86_64
[0m[1mnull_resource.nl (remote-exec):[0m [0m  perl-Errno-1.30-480.el9.x86_64
[0m[1mnull_resource.nl (remote-exec):[0m [0m  perl-Error-1:0.17029-7.el9.noarch
[0m[1mnull_resource.nl (remote-exec):[0m [0m  perl-Exporter-5.74-461.el9.noarch
[0m[1mnull_resource.nl (remote-exec):[0m [0m  perl-Fcntl-1.13-480.el9.x86_64
[0m[1mnull_resource.nl (remote-exec):[0m [0m  perl-File-Basename-2.85-480.el9.noarch
[0m[1mnull_resource.nl (remote-exec):[0m [0m  perl-File-Find-1.37-480.el9.noarch
[0m[1mnull_resource.nl (remote-exec):[0m [0m  perl-File-Path-2.18-4.el9.noarch
[0m[1mnull_resource.nl (remote-exec):[0m [0m  perl-File-Temp-1:0.231.100-4.el9.noarch
[0m[1mnull_resource.nl (remote-exec):[0m [0m  perl-File-stat-1.09-480.el9.noarch
[0m[1mnull_resource.nl (remote-exec):[0m [0m  perl-FileHandle-2.03-480.el9.noarch
[0m[1mnull_resource.nl (remote-exec):[0m [0m  perl-Getopt-Long-1:2.52-4.el9.noarch
[0m[1mnull_resource.nl (remote-exec):[0m [0m  perl-Getopt-Std-1.12-480.el9.noarch
[0m[1mnull_resource.nl (remote-exec):[0m [0m  perl-Git-2.39.3-1.el9_2.noarch
[0m[1mnull_resource.nl (remote-exec):[0m [0m  perl-HTTP-Tiny-0.076-460.el9.noarch
[0m[1mnull_resource.nl (remote-exec):[0m [0m  perl-IO-1.43-480.el9.x86_64
[0m[1mnull_resource.nl (remote-exec):[0m [0m  perl-IO-Socket-IP-0.41-5.el9.noarch
[0m[1mnull_resource.nl (remote-exec):[0m [0m  perl-IO-Socket-SSL-2.073-1.el9.noarch
[0m[1mnull_resource.nl (remote-exec):[0m [0m  perl-IPC-Open3-1.21-480.el9.noarch
[0m[1mnull_resource.nl (remote-exec):[0m [0m  perl-MIME-Base64-3.16-4.el9.x86_64
[0m[1mnull_resource.nl (remote-exec):[0m [0m  perl-Mozilla-CA-20200520-6.el9.noarch
[0m[1mnull_resource.nl (remote-exec):[0m [0m  perl-NDBM_File-1.15-480.el9.x86_64
[0m[1mnull_resource.nl (remote-exec):[0m [0m  perl-Net-SSLeay-1.92-2.el9.x86_64
[0m[1mnull_resource.nl (remote-exec):[0m [0m  perl-POSIX-1.94-480.el9.x86_64
[0m[1mnull_resource.nl (remote-exec):[0m [0m  perl-PathTools-3.78-461.el9.x86_64
[0m[1mnull_resource.nl (remote-exec):[0m [0m  perl-Pod-Escapes-1:1.07-460.el9.noarch
[0m[1mnull_resource.nl (remote-exec):[0m [0m  perl-Pod-Perldoc-3.28.01-461.el9.noarch
[0m[1mnull_resource.nl (remote-exec):[0m [0m  perl-Pod-Simple-1:3.42-4.el9.noarch
[0m[1mnull_resource.nl (remote-exec):[0m [0m  perl-Pod-Usage-4:2.01-4.el9.noarch
[0m[1mnull_resource.nl (remote-exec):[0m [0m  perl-Scalar-List-Utils-4:1.56-461.el9.x86_64
[0m[1mnull_resource.nl (remote-exec):[0m [0m  perl-SelectSaver-1.02-480.el9.noarch
[0m[1mnull_resource.nl (remote-exec):[0m [0m  perl-Socket-4:2.031-4.el9.x86_64
[0m[1mnull_resource.nl (remote-exec):[0m [0m  perl-Storable-1:3.21-460.el9.x86_64
[0m[1mnull_resource.nl (remote-exec):[0m [0m  perl-Symbol-1.08-480.el9.noarch
[0m[1mnull_resource.nl (remote-exec):[0m [0m  perl-Term-ANSIColor-5.01-461.el9.noarch
[0m[1mnull_resource.nl (remote-exec):[0m [0m  perl-Term-Cap-1.17-460.el9.noarch
[0m[1mnull_resource.nl (remote-exec):[0m [0m  perl-TermReadKey-2.38-11.el9.x86_64
[0m[1mnull_resource.nl (remote-exec):[0m [0m  perl-Text-ParseWords-3.30-460.el9.noarch
[0m[1mnull_resource.nl (remote-exec):[0m [0m  perl-Text-Tabs+Wrap-2013.0523-460.el9.noarch
[0m[1mnull_resource.nl (remote-exec):[0m [0m  perl-Time-Local-2:1.300-7.el9.noarch
[0m[1mnull_resource.nl (remote-exec):[0m [0m  perl-URI-5.09-3.el9.noarch
[0m[1mnull_resource.nl (remote-exec):[0m [0m  perl-base-2.27-480.el9.noarch
[0m[1mnull_resource.nl (remote-exec):[0m [0m  perl-constant-1.33-461.el9.noarch
[0m[1mnull_resource.nl (remote-exec):[0m [0m  perl-if-0.60.800-480.el9.noarch
[0m[1mnull_resource.nl (remote-exec):[0m [0m  perl-interpreter-4:5.32.1-480.el9.x86_64
[0m[1mnull_resource.nl (remote-exec):[0m [0m  perl-lib-0.65-480.el9.x86_64
[0m[1mnull_resource.nl (remote-exec):[0m [0m  perl-libnet-3.13-4.el9.noarch
[0m[1mnull_resource.nl (remote-exec):[0m [0m  perl-libs-4:5.32.1-480.el9.x86_64
[0m[1mnull_resource.nl (remote-exec):[0m [0m  perl-mro-1.23-480.el9.x86_64
[0m[1mnull_resource.nl (remote-exec):[0m [0m  perl-overload-1.31-480.el9.noarch
[0m[1mnull_resource.nl (remote-exec):[0m [0m  perl-overloading-0.02-480.el9.noarch
[0m[1mnull_resource.nl (remote-exec):[0m [0m  perl-parent-1:0.238-460.el9.noarch
[0m[1mnull_resource.nl (remote-exec):[0m [0m  perl-podlators-1:4.14-460.el9.noarch
[0m[1mnull_resource.nl (remote-exec):[0m [0m  perl-subs-1.03-480.el9.noarch
[0m[1mnull_resource.nl (remote-exec):[0m [0m  perl-vars-1.05-480.el9.noarch

[0m[1mnull_resource.nl (remote-exec):[0m [0mComplete!
[0m[1mnull_resource.nl (remote-exec):[0m [0mCloning into '/tmp/test'...
[0m[1mnull_resource.nl (remote-exec):[0m [0mremote: Enumerating objects: 3, done.[K
[0m[1mnull_resource.nl (remote-exec):[0m [0mremote: Counting objects:  33% (1/3)[K
[0m[1mnull_resource.nl (remote-exec):[0m [0mremote: Counting objects:  66% (2/3)[K
[0m[1mnull_resource.nl (remote-exec):[0m [0mremote: Counting objects: 100% (3/3)[K
[0m[1mnull_resource.nl (remote-exec):[0m [0mremote: Counting objects: 100% (3/3), done.[K
[0m[1mnull_resource.nl (remote-exec):[0m [0mremote: Compressing objects:  50% (1/2)[K
[0m[1mnull_resource.nl (remote-exec):[0m [0mremote: Compressing objects: 100% (2/2)[K
[0m[1mnull_resource.nl (remote-exec):[0m [0mremote: Compressing objects: 100% (2/2), done.[K
[0m[1mnull_resource.nl (remote-exec):[0m [0mremote: Total 3 (delta 0), reused 3 (delta 0), pack-reused 0[K
[0m[1mnull_resource.nl (remote-exec):[0m [0mReceiving objects:  33% (1/3)
[0m[1mnull_resource.nl (remote-exec):[0m [0mReceiving objects:  66% (2/3)
[0m[1mnull_resource.nl (remote-exec):[0m [0mReceiving objects: 100% (3/3)
[0m[1mnull_resource.nl (remote-exec):[0m [0mReceiving objects: 100% (3/3), done.
[0m[1mnull_resource.nl (remote-exec):[0m [0mLast metadata expiration check: 0:00:22 ago on Sat 19 Aug 2023 10:16:36 PM UTC.
[0m[1mnull_resource.nl (remote-exec):[0m [0mDependencies resolved.
[0m[1mnull_resource.nl (remote-exec):[0m [0m========================================
[0m[1mnull_resource.nl (remote-exec):[0m [0m Package
[0m[1mnull_resource.nl (remote-exec):[0m [0m       Arch   Version           Repo
[0m[1mnull_resource.nl (remote-exec):[0m [0m                                   Size
[0m[1mnull_resource.nl (remote-exec):[0m [0m========================================
[0m[1mnull_resource.nl (remote-exec):[0m [0mInstalling:
[0m[1mnull_resource.nl (remote-exec):[0m [0m [1m[32mhttpd(B[m x86_64 2.4.53-11.el9_2.5 rhel-9-for-x86_64-appstream-eus-rhui-rpms
[0m[1mnull_resource.nl (remote-exec):[0m [0m                                   53 k
[0m[1mnull_resource.nl (remote-exec):[0m [0mInstalling dependencies:
[0m[1mnull_resource.nl (remote-exec):[0m [0m [1m[32mapr  (B[m x86_64 1.7.0-11.el9      rhel-9-for-x86_64-appstream-eus-rhui-rpms
[0m[1mnull_resource.nl (remote-exec):[0m [0m                                  127 k
[0m[1mnull_resource.nl (remote-exec):[0m [0m [1m[32mapr-util(B[m
[0m[1mnull_resource.nl (remote-exec):[0m [0m       x86_64 1.6.1-20.el9_2.1  rhel-9-for-x86_64-appstream-eus-rhui-rpms
[0m[1mnull_resource.nl (remote-exec):[0m [0m                                   97 k
[0m[1mnull_resource.nl (remote-exec):[0m [0m [1m[32mapr-util-bdb(B[m
[0m[1mnull_resource.nl (remote-exec):[0m [0m       x86_64 1.6.1-20.el9_2.1  rhel-9-for-x86_64-appstream-eus-rhui-rpms
[0m[1mnull_resource.nl (remote-exec):[0m [0m                                   14 k
[0m[1mnull_resource.nl (remote-exec):[0m [0m [1m[32mhttpd-core(B[m
[0m[1mnull_resource.nl (remote-exec):[0m [0m       x86_64 2.4.53-11.el9_2.5 rhel-9-for-x86_64-appstream-eus-rhui-rpms
[0m[1mnull_resource.nl (remote-exec):[0m [0m                                  1.5 M
[0m[1mnull_resource.nl (remote-exec):[0m [0m [1m[32mhttpd-filesystem(B[m
[0m[1mnull_resource.nl (remote-exec):[0m [0m       noarch 2.4.53-11.el9_2.5 rhel-9-for-x86_64-appstream-eus-rhui-rpms
[0m[1mnull_resource.nl (remote-exec):[0m [0m                                   17 k
[0m[1mnull_resource.nl (remote-exec):[0m [0m [1m[32mhttpd-tools(B[m
[0m[1mnull_resource.nl (remote-exec):[0m [0m       x86_64 2.4.53-11.el9_2.5 rhel-9-for-x86_64-appstream-eus-rhui-rpms
[0m[1mnull_resource.nl (remote-exec):[0m [0m                                   87 k
[0m[1mnull_resource.nl (remote-exec):[0m [0m [1m[32mredhat-logos-httpd(B[m
[0m[1mnull_resource.nl (remote-exec):[0m [0m       noarch 90.4-1.el9        rhel-9-for-x86_64-appstream-eus-rhui-rpms
[0m[1mnull_resource.nl (remote-exec):[0m [0m                                   18 k
[0m[1mnull_resource.nl (remote-exec):[0m [0mInstalling weak dependencies:
[0m[1mnull_resource.nl (remote-exec):[0m [0m [1m[32mapr-util-openssl(B[m
[0m[1mnull_resource.nl (remote-exec):[0m [0m       x86_64 1.6.1-20.el9_2.1  rhel-9-for-x86_64-appstream-eus-rhui-rpms
[0m[1mnull_resource.nl (remote-exec):[0m [0m                                   16 k
[0m[1mnull_resource.nl (remote-exec):[0m [0m [1m[32mmod_http2(B[m
[0m[1mnull_resource.nl (remote-exec):[0m [0m       x86_64 1.15.19-4.el9_2.4 rhel-9-for-x86_64-appstream-eus-rhui-rpms
[0m[1mnull_resource.nl (remote-exec):[0m [0m                                  153 k
[0m[1mnull_resource.nl (remote-exec):[0m [0m [1m[32mmod_lua(B[m
[0m[1mnull_resource.nl (remote-exec):[0m [0m       x86_64 2.4.53-11.el9_2.5 rhel-9-for-x86_64-appstream-eus-rhui-rpms
[0m[1mnull_resource.nl (remote-exec):[0m [0m                                   63 k

[0m[1mnull_resource.nl (remote-exec):[0m [0mTransaction Summary
[0m[1mnull_resource.nl (remote-exec):[0m [0m========================================
[0m[1mnull_resource.nl (remote-exec):[0m [0mInstall  11 Packages

[0m[1mnull_resource.nl (remote-exec):[0m [0mTotal download size: 2.1 M
[0m[1mnull_resource.nl (remote-exec):[0m [0mInstalled size: 5.9 M
[0m[1mnull_resource.nl (remote-exec):[0m [0mDownloading Packages:
[0m[1mnull_resource.nl (remote-exec):[0m [0m(1/11): ---  B/s |   0  B     --:-- ETA
[0m[1mnull_resource.nl (remote-exec):[0m [0m(1/11): 133 kB/s |  18 kB     00:00
[0m[1mnull_resource.nl (remote-exec):[0m [0m(2-3/11 133 kB/s |  18 kB     00:16 ETA
[0m[1mnull_resource.nl (remote-exec):[0m [0m(2/11): 839 kB/s | 127 kB     00:00
[0m[1mnull_resource.nl (remote-exec):[0m [0m(3-4/11 158 kB/s | 145 kB     00:12 ETA
[0m[1mnull_resource.nl (remote-exec):[0m [0m(3/11): 1.6 MB/s |  63 kB     00:00
[0m[1mnull_resource.nl (remote-exec):[0m [0m(4-5/11 170 kB/s | 208 kB     00:11 ETA
[0m[1mnull_resource.nl (remote-exec):[0m [0m(4/11): 1.4 MB/s |  53 kB     00:00
[0m[1mnull_resource.nl (remote-exec):[0m [0m(5-6/11 184 kB/s | 277 kB     00:10 ETA
[0m[1mnull_resource.nl (remote-exec):[0m [0m(5/11): 764 kB/s | 153 kB     00:00
[0m[1mnull_resource.nl (remote-exec):[0m [0m(6-7/11 211 kB/s | 415 kB     00:08 ETA
[0m[1mnull_resource.nl (remote-exec):[0m [0m(6/11): 2.9 MB/s |  87 kB     00:00
[0m[1mnull_resource.nl (remote-exec):[0m [0m(7-8/11 227 kB/s | 502 kB     00:07 ETA
[0m[1mnull_resource.nl (remote-exec):[0m [0m(7/11):  19 MB/s | 1.5 MB     00:00
[0m[1mnull_resource.nl (remote-exec):[0m [0m(8-9/11 531 kB/s | 2.0 MB     00:00 ETA
[0m[1mnull_resource.nl (remote-exec):[0m [0m(8/11): 1.2 MB/s |  97 kB     00:00
[0m[1mnull_resource.nl (remote-exec):[0m [0m(9-10/1 548 kB/s | 2.1 MB     00:00 ETA
[0m[1mnull_resource.nl (remote-exec):[0m [0m(9/11): 209 kB/s |  14 kB     00:00
[0m[1mnull_resource.nl (remote-exec):[0m [0m(10-11/ 554 kB/s | 2.1 MB     00:00 ETA
[0m[1mnull_resource.nl (remote-exec):[0m [0m(10/11) 430 kB/s |  17 kB     00:00
[0m[1mnull_resource.nl (remote-exec):[0m [0m(11/11) 553 kB/s | 2.1 MB     00:00 ETA
[0m[1mnull_resource.nl (remote-exec):[0m [0m(11/11) 252 kB/s |  16 kB     00:00
[0m[1mnull_resource.nl (remote-exec):[0m [0m----------------------------------------
[0m[1mnull_resource.nl (remote-exec):[0m [0mTotal   6.1 MB/s | 2.1 MB     00:00
[0m[1mnull_resource.nl (remote-exec):[0m [0mRunning transaction check
[0m[1mnull_resource.nl (remote-exec):[0m [0mTransaction check succeeded.
[0m[1mnull_resource.nl (remote-exec):[0m [0mRunning transaction test
[0m[1mnull_resource.nl (remote-exec):[0m [0mTransaction test succeeded.
[0m[1mnull_resource.nl (remote-exec):[0m [0mRunning transaction
[0m[1mnull_resource.nl (remote-exec):[0m [0m  Preparing        :  [           ] 1/1
[0m[1mnull_resource.nl (remote-exec):[0m [0m  Preparing        :  [=          ] 1/1
[0m[1mnull_resource.nl (remote-exec):[0m [0m  Preparing        :  [==         ] 1/1
[0m[1mnull_resource.nl (remote-exec):[0m [0m  Preparing        :  [===        ] 1/1
[0m[1mnull_resource.nl (remote-exec):[0m [0m  Preparing        :  [====       ] 1/1
[0m[1mnull_resource.nl (remote-exec):[0m [0m  Preparing        :  [=====      ] 1/1
[0m[1mnull_resource.nl (remote-exec):[0m [0m  Preparing        :  [======     ] 1/1
[0m[1mnull_resource.nl (remote-exec):[0m [0m  Preparing        :  [=======    ] 1/1
[0m[1mnull_resource.nl (remote-exec):[0m [0m  Preparing        :  [========   ] 1/1
[0m[1mnull_resource.nl (remote-exec):[0m [0m  Preparing        :  [=========  ] 1/1
[0m[1mnull_resource.nl (remote-exec):[0m [0m  Preparing        :                1/1
[0m[1mnull_resource.nl (remote-exec):[0m [0m  Installing       : apr-   1/11
[0m[1mnull_resource.nl (remote-exec):[0m [0m  Installing       : apr-1.7.0-    1/11
[0m[1mnull_resource.nl (remote-exec):[0m [0m  Installing       : apr-   2/11
[0m[1mnull_resource.nl (remote-exec):[0m [0m  Installing       : apr-util-b    2/11
[0m[1mnull_resource.nl (remote-exec):[0m [0m  Installing       : apr-   3/11
[0m[1mnull_resource.nl (remote-exec):[0m [0m  Installing       : apr-util-o    3/11
[0m[1mnull_resource.nl (remote-exec):[0m [0m  Installing       : apr-   4/11
[0m[1mnull_resource.nl (remote-exec):[0m [0m  Installing       : apr-util-1    4/11
[0m[1mnull_resource.nl (remote-exec):[0m [0m  Installing       : http   5/11
[0m[1mnull_resource.nl (remote-exec):[0m [0m  Installing       : httpd-tool    5/11
[0m[1mnull_resource.nl (remote-exec):[0m [0m  Running scriptlet: httpd-file    6/11
[0m[1mnull_resource.nl (remote-exec):[0m [0m  Installing       : http   6/11
[0m[1mnull_resource.nl (remote-exec):[0m [0m  Installing       : httpd-file    6/11
[0m[1mnull_resource.nl (remote-exec):[0m [0m  Installing       : http   7/11
[0m[1mnull_resource.nl (remote-exec):[0m [0m  Installing       : httpd-core    7/11
[0m[1mnull_resource.nl (remote-exec):[0m [0m  Installing       : mod_   8/11
[0m[1mnull_resource.nl (remote-exec):[0m [0m  Installing       : mod_http2-    8/11
[0m[1mnull_resource.nl (remote-exec):[0m [0m  Installing       : mod_   9/11
[0m[1mnull_resource.nl (remote-exec):[0m [0m  Installing       : mod_lua-2.    9/11
[0m[1mnull_resource.nl (remote-exec):[0m [0m  Installing       : redh  10/11
[0m[1mnull_resource.nl (remote-exec):[0m [0m  Installing       : redhat-log   10/11
[0m[1mnull_resource.nl (remote-exec):[0m [0m  Installing       : http  11/11
[0m[1mnull_resource.nl (remote-exec):[0m [0m  Installing       : httpd-2.4.   11/11
[0m[1mnull_resource.nl (remote-exec):[0m [0m  Running scriptlet: httpd-2.4.   11/11
[0m[1mnull_resource.nl (remote-exec):[0m [0m  Verifying        : apr-1.7.0-    1/11
[0m[1mnull_resource.nl (remote-exec):[0m [0m  Verifying        : redhat-log    2/11
[0m[1mnull_resource.nl (remote-exec):[0m [0m  Verifying        : mod_http2-    3/11
[0m[1mnull_resource.nl (remote-exec):[0m [0m  Verifying        : mod_lua-2.    4/11
[0m[1mnull_resource.nl (remote-exec):[0m [0m  Verifying        : httpd-2.4.    5/11
[0m[1mnull_resource.nl (remote-exec):[0m [0m  Verifying        : httpd-core    6/11
[0m[1mnull_resource.nl (remote-exec):[0m [0m  Verifying        : httpd-tool    7/11
[0m[1mnull_resource.nl (remote-exec):[0m [0m  Verifying        : apr-util-1    8/11
[0m[1mnull_resource.nl (remote-exec):[0m [0m  Verifying        : apr-util-b    9/11
[0m[1mnull_resource.nl (remote-exec):[0m [0m  Verifying        : httpd-file   10/11
[0m[1mnull_resource.nl (remote-exec):[0m [0m  Verifying        : apr-util-o   11/11
[0m[1mnull_resource.nl (remote-exec):[0m [0mInstalled products updated.

[0m[1mnull_resource.nl (remote-exec):[0m [0mInstalled:
[0m[1mnull_resource.nl (remote-exec):[0m [0m  apr-1.7.0-11.el9.x86_64
[0m[1mnull_resource.nl (remote-exec):[0m [0m  apr-util-1.6.1-20.el9_2.1.x86_64
[0m[1mnull_resource.nl (remote-exec):[0m [0m  apr-util-bdb-1.6.1-20.el9_2.1.x86_64
[0m[1mnull_resource.nl (remote-exec):[0m [0m  apr-util-openssl-1.6.1-20.el9_2.1.x86_64
[0m[1mnull_resource.nl (remote-exec):[0m [0m  httpd-2.4.53-11.el9_2.5.x86_64
[0m[1mnull_resource.nl (remote-exec):[0m [0m  httpd-core-2.4.53-11.el9_2.5.x86_64
[0m[1mnull_resource.nl (remote-exec):[0m [0m  httpd-filesystem-2.4.53-11.el9_2.5.noarch
[0m[1mnull_resource.nl (remote-exec):[0m [0m  httpd-tools-2.4.53-11.el9_2.5.x86_64
[0m[1mnull_resource.nl (remote-exec):[0m [0m  mod_http2-1.15.19-4.el9_2.4.x86_64
[0m[1mnull_resource.nl (remote-exec):[0m [0m  mod_lua-2.4.53-11.el9_2.5.x86_64
[0m[1mnull_resource.nl (remote-exec):[0m [0m  redhat-logos-httpd-90.4-1.el9.noarch

[0m[1mnull_resource.nl (remote-exec):[0m [0mComplete!
[0m[1mnull_resource.nl (remote-exec):[0m [0mCreated symlink /etc/systemd/system/multi-user.target.wants/httpd.service → /usr/lib/systemd/system/httpd.service.
[0m[1mnull_resource.nl (remote-exec):[0m [0mRemoved "/etc/systemd/system/multi-user.target.wants/firewalld.service".
[0m[1mnull_resource.nl (remote-exec):[0m [0mRemoved "/etc/systemd/system/dbus-org.fedoraproject.FirewallD1.service".
[0m[1mnull_resource.nl (remote-exec):[0m [0m<!DOCTYPE html> <html> <body style="background-color:rgb(250, 210, 210);"> <h1>Welcome to Stack Simplify - WebVM APP-1 </h1> <p>Terraform Demo</p> <p>Application Version: V1</p> </body></html>
[0m[1mnull_resource.nl: Still creating... [50s elapsed][0m[0m
[0m[1mnull_resource.nl (remote-exec):[0m [0m  % Total    % Received % Xferd  Average Speed   Time    Time     Time  Current
[0m[1mnull_resource.nl (remote-exec):[0m [0m                                 Dload  Upload   Total   Spent    Left  Speed
[0m[1mnull_resource.nl (remote-exec):[0m [0m  0     0    0     0    0     0      0      0 --:--:-- --:--:-- --:--:--     0
[0m[1mnull_resource.nl (remote-exec):[0m [0m100  2362  100  2362    0     0   144k      0 --:--:-- --:--:-- --:--:--  144k
[0m[1mnull_resource.nl (remote-exec):[0m [0m100  2362  100  2362    0     0   135k      0 --:--:-- --:--:-- --:--:--  135k
[0m[1mnull_resource.nl: Creation complete after 50s [id=791867954][0m
[0m[1m[32m
Apply complete! Resources: 15 added, 0 changed, 0 destroyed.
[0m[0m[1m[32m
Outputs:

[0mkey_data = "ssh-rsa AAAAB3NzaC1yc2EAAAADAQABAAABgQCXkBGVwZUu3HcYaTa7P/qHmGf68V0I6o6jfKFrNh4+WULJK/JqWhvACIzV4Yy0tLQpnKoyYSZ3nS8Aq0meYni/rgSBoI2PbueXzuI5AUOUI/qutspv0CuM16SEMtbDALQblOTkBy2x266RKNNaS6NXo+qTb8NTz6p63oS9YYhFRy+OePDKs8iVHcYxbK9hgOtoKiYnI7Dfi2BU1TqFGMzOPc9IxS2/x7YSNTBNYrtTNHbmCri85vNLsb2avpfWds46EeYetjqhg4edMvDfsykrAq8bBaRGWQS//H8Tqx/UI1nRUTpp3rO6EUgdbVm1YiOg14fOf+LpMxif+93DQdM+pc6dtLLdNHvVTDhnTujBYBRY0b9FAafNFJHn+Ib1hXnIvx2vrgvRKmnHaKUsPLLxyVW/liJp8SYwOUvyinllh/6qcK76FoItKFs+E/CO2KavmfOMceeRXeT+mzM8m0TqGe1HFBh6cA4V95MrH4qoz34lVgAF916o7zl0/qNl+A0= generated-by-azure"
public_ip_address = "40.88.123.134"
resource_group_name = "rg-touching-weevil"
